// !$*UTF8*$!
{
	archiveVersion = 1;
	classes = {
	};
	objectVersion = 54;
	objects = {

/* Begin PBXBuildFile section */
		DA07471127F4599700DFA23B /* Animation+Extensions.swift in Sources */ = {isa = PBXBuildFile; fileRef = DA07471027F4599700DFA23B /* Animation+Extensions.swift */; };
		DA15AB58280706A000A2E3A1 /* ColorScheme+Extensions.swift in Sources */ = {isa = PBXBuildFile; fileRef = DA15AB57280706A000A2E3A1 /* ColorScheme+Extensions.swift */; };
		DA15AB59280711BC00A2E3A1 /* ColorScheme+Extensions.swift in Sources */ = {isa = PBXBuildFile; fileRef = DA15AB57280706A000A2E3A1 /* ColorScheme+Extensions.swift */; };
		DA190183271302B9008ADDA3 /* UserData.swift in Sources */ = {isa = PBXBuildFile; fileRef = DA190182271302B8008ADDA3 /* UserData.swift */; };
		DA225DFF2885C7A6003F6CCE /* WidgetLocationManager.swift in Sources */ = {isa = PBXBuildFile; fileRef = DA225DFE2885C7A6003F6CCE /* WidgetLocationManager.swift */; };
		DA22757E29C386D60080C2C0 /* QuickActions.swift in Sources */ = {isa = PBXBuildFile; fileRef = DA22757D29C386D60080C2C0 /* QuickActions.swift */; };
		DA22758129C3D05A0080C2C0 /* AppShortcuts.strings in Resources */ = {isa = PBXBuildFile; fileRef = DA22758329C3D05A0080C2C0 /* AppShortcuts.strings */; };
		DA22758729C3D3180080C2C0 /* SavedLocationRowView.swift in Sources */ = {isa = PBXBuildFile; fileRef = DA22758629C3D3180080C2C0 /* SavedLocationRowView.swift */; };
		DA260EC928CBEA340041961A /* AttributionView.swift in Sources */ = {isa = PBXBuildFile; fileRef = DA260EC828CBEA340041961A /* AttributionView.swift */; };
		DA39021726B86323008F7483 /* Date+Extensions.swift in Sources */ = {isa = PBXBuildFile; fileRef = DA39021626B86323008F7483 /* Date+Extensions.swift */; };
		DA39021926B8709F008F7483 /* UVExtension.swift in Sources */ = {isa = PBXBuildFile; fileRef = DA39021826B8709F008F7483 /* UVExtension.swift */; };
		DA3BFDC22674082700AA391A /* isHidden+Extensions.swift in Sources */ = {isa = PBXBuildFile; fileRef = DA3BFDC12674082700AA391A /* isHidden+Extensions.swift */; };
		DA3BFDC426740A0200AA391A /* TimeSliderView.swift in Sources */ = {isa = PBXBuildFile; fileRef = DA3BFDC326740A0200AA391A /* TimeSliderView.swift */; };
		DA3BFDC626740E2100AA391A /* Color+Extensions.swift in Sources */ = {isa = PBXBuildFile; fileRef = DA3BFDC526740E2100AA391A /* Color+Extensions.swift */; };
		DA3BFDC82674228A00AA391A /* GradientText.swift in Sources */ = {isa = PBXBuildFile; fileRef = DA3BFDC72674228900AA391A /* GradientText.swift */; };
		DA3BFDCA2674261B00AA391A /* UV.swift in Sources */ = {isa = PBXBuildFile; fileRef = DA3BFDC92674261B00AA391A /* UV.swift */; };
		DA3BFDCC2674DADA00AA391A /* LocationManager.swift in Sources */ = {isa = PBXBuildFile; fileRef = DA3BFDCB2674DADA00AA391A /* LocationManager.swift */; };
		DA43DD9528201F6C00000F64 /* DataView.swift in Sources */ = {isa = PBXBuildFile; fileRef = DA43DD9428201F6C00000F64 /* DataView.swift */; };
		DA4A00202822767300536828 /* Location+Snapshot.swift in Sources */ = {isa = PBXBuildFile; fileRef = DA4A001F2822767300536828 /* Location+Snapshot.swift */; };
		DA65963A27FAF91400D2B203 /* Chart in Frameworks */ = {isa = PBXBuildFile; productRef = DA65963927FAF91400D2B203 /* Chart */; };
		DA65963C27FAF91400D2B203 /* Grid in Frameworks */ = {isa = PBXBuildFile; productRef = DA65963B27FAF91400D2B203 /* Grid */; };
		DA65963E27FAF91400D2B203 /* Shapes in Frameworks */ = {isa = PBXBuildFile; productRef = DA65963D27FAF91400D2B203 /* Shapes */; };
		DA65964027FAF91400D2B203 /* Sliders in Frameworks */ = {isa = PBXBuildFile; productRef = DA65963F27FAF91400D2B203 /* Sliders */; };
		DA65964227FAF91400D2B203 /* SwiftUIExtensions in Frameworks */ = {isa = PBXBuildFile; productRef = DA65964127FAF91400D2B203 /* SwiftUIExtensions */; };
		DA65964427FAFB8200D2B203 /* NotificationSliderView.swift in Sources */ = {isa = PBXBuildFile; fileRef = DA65964327FAFB8200D2B203 /* NotificationSliderView.swift */; };
		DA65964627FB1D9900D2B203 /* TimePickerView.swift in Sources */ = {isa = PBXBuildFile; fileRef = DA65964527FB1D9900D2B203 /* TimePickerView.swift */; };
		DA65964827FB324700D2B203 /* DailyOverviewSettingsView.swift in Sources */ = {isa = PBXBuildFile; fileRef = DA65964727FB324700D2B203 /* DailyOverviewSettingsView.swift */; };
		DA65965727FC3D8900D2B203 /* Location.swift in Sources */ = {isa = PBXBuildFile; fileRef = DA65965627FC3D8900D2B203 /* Location.swift */; };
		DA65965827FC3D8900D2B203 /* Location.swift in Sources */ = {isa = PBXBuildFile; fileRef = DA65965627FC3D8900D2B203 /* Location.swift */; };
		DA65965927FC7CAD00D2B203 /* Animation+Extensions.swift in Sources */ = {isa = PBXBuildFile; fileRef = DA07471027F4599700DFA23B /* Animation+Extensions.swift */; };
		DA73EFB32BACD9B7000DE572 /* TelemetryClient in Frameworks */ = {isa = PBXBuildFile; productRef = DA73EFB22BACD9B7000DE572 /* TelemetryClient */; };
		DA76DE48282174C3004D5267 /* Date+Extensions.swift in Sources */ = {isa = PBXBuildFile; fileRef = DA39021626B86323008F7483 /* Date+Extensions.swift */; };
		DA7C4C1629C62A32008E359C /* SmallUVWidgetWithError.swift in Sources */ = {isa = PBXBuildFile; fileRef = DA7C4C1529C62A32008E359C /* SmallUVWidgetWithError.swift */; };
		DA7C4C1829C8FC60008E359C /* ImageShareView.swift in Sources */ = {isa = PBXBuildFile; fileRef = DA7C4C1729C8FC60008E359C /* ImageShareView.swift */; };
		DA7C4C1A29D35584008E359C /* LocationLoadingView.swift in Sources */ = {isa = PBXBuildFile; fileRef = DA7C4C1929D35584008E359C /* LocationLoadingView.swift */; };
		DA7EE3C127F1FD6F009DD239 /* CLPlacemark+Extensions.swift in Sources */ = {isa = PBXBuildFile; fileRef = DA7EE3C027F1FD6F009DD239 /* CLPlacemark+Extensions.swift */; };
		DA7EE3C227F1FEB0009DD239 /* CLPlacemark+Extensions.swift in Sources */ = {isa = PBXBuildFile; fileRef = DA7EE3C027F1FD6F009DD239 /* CLPlacemark+Extensions.swift */; };
		DA82DC3E28CE4F4D00522917 /* ShowUVIndexAtCurrentLocation.swift in Sources */ = {isa = PBXBuildFile; fileRef = DA82DC3D28CE4F4D00522917 /* ShowUVIndexAtCurrentLocation.swift */; };
		DA82DC3F28CE54A100522917 /* InfoPlist.strings in Resources */ = {isa = PBXBuildFile; fileRef = DA8C09B92675D198006165D1 /* InfoPlist.strings */; };
		DA8444BC2916B36C0010BB04 /* WidgetWeatherManager.swift in Sources */ = {isa = PBXBuildFile; fileRef = DA8444BB2916B36C0010BB04 /* WidgetWeatherManager.swift */; };
		DA8444BD2916B3C00010BB04 /* WeatherManager.swift in Sources */ = {isa = PBXBuildFile; fileRef = DAD53BD227D79B2200D74EB9 /* WeatherManager.swift */; };
		DA8444BF2916C5C10010BB04 /* Bundle+Extensions.swift in Sources */ = {isa = PBXBuildFile; fileRef = DA8444BE2916C5C10010BB04 /* Bundle+Extensions.swift */; };
		DA8444C12916C5EE0010BB04 /* VersionView.swift in Sources */ = {isa = PBXBuildFile; fileRef = DA8444C02916C5EE0010BB04 /* VersionView.swift */; };
		DA89954027D814B700083520 /* View+Extensions.swift in Sources */ = {isa = PBXBuildFile; fileRef = DA89953F27D814B700083520 /* View+Extensions.swift */; };
		DA89954127D814F900083520 /* View+Extensions.swift in Sources */ = {isa = PBXBuildFile; fileRef = DA89953F27D814B700083520 /* View+Extensions.swift */; };
		DA8C09B72675D198006165D1 /* InfoPlist.strings in Resources */ = {isa = PBXBuildFile; fileRef = DA8C09B92675D198006165D1 /* InfoPlist.strings */; };
		DA92878E286C757800FE3758 /* SmallUVWidgetView.swift in Sources */ = {isa = PBXBuildFile; fileRef = DA92878B286C755700FE3758 /* SmallUVWidgetView.swift */; };
		DA94742C26F4BAC4002BF649 /* LocationSheetView.swift in Sources */ = {isa = PBXBuildFile; fileRef = DA94742B26F4BAC4002BF649 /* LocationSheetView.swift */; };
		DA9A8E9F2804540E0014DA76 /* UVData.swift in Sources */ = {isa = PBXBuildFile; fileRef = DA9A8E9E2804540E0014DA76 /* UVData.swift */; };
		DA9A8EA02804540E0014DA76 /* UVData.swift in Sources */ = {isa = PBXBuildFile; fileRef = DA9A8E9E2804540E0014DA76 /* UVData.swift */; };
		DAA1CEB62714140D0010F304 /* WidgetKit.framework in Frameworks */ = {isa = PBXBuildFile; fileRef = DACB846726753358008DD5FD /* WidgetKit.framework */; };
		DAA1CEB72714140D0010F304 /* SwiftUI.framework in Frameworks */ = {isa = PBXBuildFile; fileRef = DACB846926753358008DD5FD /* SwiftUI.framework */; };
		DAA1CEBA2714140D0010F304 /* Widget.swift in Sources */ = {isa = PBXBuildFile; fileRef = DAA1CEB92714140D0010F304 /* Widget.swift */; };
		DAA1CEBC271414120010F304 /* Assets.xcassets in Resources */ = {isa = PBXBuildFile; fileRef = DAA1CEBB271414120010F304 /* Assets.xcassets */; };
		DAA1CEC0271414120010F304 /* WidgetExtension.appex in Embed Foundation Extensions */ = {isa = PBXBuildFile; fileRef = DAA1CEB52714140D0010F304 /* WidgetExtension.appex */; settings = {ATTRIBUTES = (RemoveHeadersOnCopy, ); }; };
		DAA1CEC4271414D00010F304 /* UV.swift in Sources */ = {isa = PBXBuildFile; fileRef = DA3BFDC92674261B00AA391A /* UV.swift */; };
		DAA1CEC6271415EE0010F304 /* Coordinate.swift in Sources */ = {isa = PBXBuildFile; fileRef = DACB847F26754AB3008DD5FD /* Coordinate.swift */; };
		DAA1CEC9271416880010F304 /* GradientText.swift in Sources */ = {isa = PBXBuildFile; fileRef = DA3BFDC72674228900AA391A /* GradientText.swift */; };
		DAA1CECA271416E40010F304 /* Color+Extensions.swift in Sources */ = {isa = PBXBuildFile; fileRef = DA3BFDC526740E2100AA391A /* Color+Extensions.swift */; };
		DAA2CF9E27F48D31001C166E /* InformationRowView.swift in Sources */ = {isa = PBXBuildFile; fileRef = DAA2CF9D27F48D31001C166E /* InformationRowView.swift */; };
		DAB29B2F2A5D8B6500CA15D5 /* UpcomingUVListView.swift in Sources */ = {isa = PBXBuildFile; fileRef = DAB29B2E2A5D8B6500CA15D5 /* UpcomingUVListView.swift */; };
		DAB29B312A5D8E8E00CA15D5 /* MediumUVWidgetView.swift in Sources */ = {isa = PBXBuildFile; fileRef = DAB29B302A5D8E8E00CA15D5 /* MediumUVWidgetView.swift */; };
		DAB29B332A5DA2F000CA15D5 /* SmallUVWidget.swift in Sources */ = {isa = PBXBuildFile; fileRef = DAB29B322A5DA2F000CA15D5 /* SmallUVWidget.swift */; };
		DAB8D5FF28523A8000A6E31D /* GroupUVByIndex.swift in Sources */ = {isa = PBXBuildFile; fileRef = DAB8D5FE28523A8000A6E31D /* GroupUVByIndex.swift */; };
		DAB8D60028523FBB00A6E31D /* GroupUVByIndex.swift in Sources */ = {isa = PBXBuildFile; fileRef = DAB8D5FE28523A8000A6E31D /* GroupUVByIndex.swift */; };
		DABD182527D8E7D800446DDE /* NotificationManager.swift in Sources */ = {isa = PBXBuildFile; fileRef = DABD182427D8E7D800446DDE /* NotificationManager.swift */; };
		DABD182827DFA71700446DDE /* Localizable.strings in Resources */ = {isa = PBXBuildFile; fileRef = DACB848E2675699F008DD5FD /* Localizable.strings */; };
		DAC3A1AA27F5E65B00DA84CF /* String+Extensions.swift in Sources */ = {isa = PBXBuildFile; fileRef = DAC3A1A927F5E65B00DA84CF /* String+Extensions.swift */; };
		DAC3D05C29E2FF4400C1F6C0 /* UserDefaults+Extensions.swift in Sources */ = {isa = PBXBuildFile; fileRef = DAC3D05B29E2FF4400C1F6C0 /* UserDefaults+Extensions.swift */; };
		DAC3D05D29E2FF4400C1F6C0 /* UserDefaults+Extensions.swift in Sources */ = {isa = PBXBuildFile; fileRef = DAC3D05B29E2FF4400C1F6C0 /* UserDefaults+Extensions.swift */; };
		DAC3D05F29E3025C00C1F6C0 /* AppRefresh.swift in Sources */ = {isa = PBXBuildFile; fileRef = DAC3D05E29E3025C00C1F6C0 /* AppRefresh.swift */; };
		DAC9BC98281FD9D700CDE1F1 /* UnknownLocationView.swift in Sources */ = {isa = PBXBuildFile; fileRef = DAC9BC97281FD9D700CDE1F1 /* UnknownLocationView.swift */; };
		DAC9BC9A281FECD600CDE1F1 /* CurrentLocationTabView.swift in Sources */ = {isa = PBXBuildFile; fileRef = DAC9BC99281FECD600CDE1F1 /* CurrentLocationTabView.swift */; };
		DACB848026754AB3008DD5FD /* Coordinate.swift in Sources */ = {isa = PBXBuildFile; fileRef = DACB847F26754AB3008DD5FD /* Coordinate.swift */; };
		DACB848B2675699F008DD5FD /* Localizable.strings in Resources */ = {isa = PBXBuildFile; fileRef = DACB848E2675699F008DD5FD /* Localizable.strings */; };
		DACD6C8D27E2347200FC99ED /* Algorithms in Frameworks */ = {isa = PBXBuildFile; productRef = DACD6C8C27E2347200FC99ED /* Algorithms */; };
		DACD6C8F27E234BC00FC99ED /* Algorithms in Frameworks */ = {isa = PBXBuildFile; productRef = DACD6C8E27E234BC00FC99ED /* Algorithms */; };
		DAD53BCF27D6755800D74EB9 /* LocationModel.swift in Sources */ = {isa = PBXBuildFile; fileRef = DAD53BCE27D6755800D74EB9 /* LocationModel.swift */; };
		DAD53BD127D67C0700D74EB9 /* LocationError.swift in Sources */ = {isa = PBXBuildFile; fileRef = DAD53BD027D67C0700D74EB9 /* LocationError.swift */; };
		DAD53BD327D79B2200D74EB9 /* WeatherManager.swift in Sources */ = {isa = PBXBuildFile; fileRef = DAD53BD227D79B2200D74EB9 /* WeatherManager.swift */; };
		DAD53BD627D7A52A00D74EB9 /* LocationError.swift in Sources */ = {isa = PBXBuildFile; fileRef = DAD53BD027D67C0700D74EB9 /* LocationError.swift */; };
		DAD53BD727D7BA0E00D74EB9 /* UserData.swift in Sources */ = {isa = PBXBuildFile; fileRef = DA190182271302B8008ADDA3 /* UserData.swift */; };
		DAD53BD927D7E91300D74EB9 /* LocationSearchService.swift in Sources */ = {isa = PBXBuildFile; fileRef = DAD53BD827D7E91300D74EB9 /* LocationSearchService.swift */; };
		DAD53BDB27D7F2BE00D74EB9 /* SettingsSheetView.swift in Sources */ = {isa = PBXBuildFile; fileRef = DAD53BDA27D7F2BE00D74EB9 /* SettingsSheetView.swift */; };
		DADA61F02673F43700E3CB14 /* UV_IndexApp.swift in Sources */ = {isa = PBXBuildFile; fileRef = DADA61EF2673F43700E3CB14 /* UV_IndexApp.swift */; };
		DADA61F22673F43700E3CB14 /* ContentView.swift in Sources */ = {isa = PBXBuildFile; fileRef = DADA61F12673F43700E3CB14 /* ContentView.swift */; };
		DADA61F42673F43B00E3CB14 /* Assets.xcassets in Resources */ = {isa = PBXBuildFile; fileRef = DADA61F32673F43B00E3CB14 /* Assets.xcassets */; };
		DADA61F72673F43B00E3CB14 /* Preview Assets.xcassets in Resources */ = {isa = PBXBuildFile; fileRef = DADA61F62673F43B00E3CB14 /* Preview Assets.xcassets */; };
		DAE0552D281AC03E003EC8E5 /* LocationTabView.swift in Sources */ = {isa = PBXBuildFile; fileRef = DAE0552C281AC03E003EC8E5 /* LocationTabView.swift */; };
		DAE0552F281ADFD0003EC8E5 /* Store.swift in Sources */ = {isa = PBXBuildFile; fileRef = DAE0552E281ADFD0003EC8E5 /* Store.swift */; };
		DAE05532281C21B5003EC8E5 /* Array+Extensions.swift in Sources */ = {isa = PBXBuildFile; fileRef = DAE05531281C21B5003EC8E5 /* Array+Extensions.swift */; };
		DAE3F47A28CA4B2900558B44 /* GetUVIndexAtLocation.swift in Sources */ = {isa = PBXBuildFile; fileRef = DAE3F47928CA4B2900558B44 /* GetUVIndexAtLocation.swift */; };
		DAE3F47C28CA4D8500558B44 /* ShortcutsProvider.swift in Sources */ = {isa = PBXBuildFile; fileRef = DAE3F47B28CA4D8500558B44 /* ShortcutsProvider.swift */; };
/* End PBXBuildFile section */

/* Begin PBXContainerItemProxy section */
		DAA1CEBE271414120010F304 /* PBXContainerItemProxy */ = {
			isa = PBXContainerItemProxy;
			containerPortal = DADA61E42673F43700E3CB14 /* Project object */;
			proxyType = 1;
			remoteGlobalIDString = DAA1CEB42714140D0010F304;
			remoteInfo = WidgetExtension;
		};
/* End PBXContainerItemProxy section */

/* Begin PBXCopyFilesBuildPhase section */
		DA65BCCC281990510012A53B /* Embed Watch Content */ = {
			isa = PBXCopyFilesBuildPhase;
			buildActionMask = 2147483647;
			dstPath = "$(CONTENTS_FOLDER_PATH)/Watch";
			dstSubfolderSpec = 16;
			files = (
			);
			name = "Embed Watch Content";
			runOnlyForDeploymentPostprocessing = 0;
		};
		DA95D7EB284FCD6A004EE247 /* Embed ExtensionKit Extensions */ = {
			isa = PBXCopyFilesBuildPhase;
			buildActionMask = 2147483647;
			dstPath = "$(EXTENSIONS_FOLDER_PATH)";
			dstSubfolderSpec = 16;
			files = (
			);
			name = "Embed ExtensionKit Extensions";
			runOnlyForDeploymentPostprocessing = 0;
		};
		DABAF194286A50E600ABD955 /* Embed App Clips */ = {
			isa = PBXCopyFilesBuildPhase;
			buildActionMask = 2147483647;
			dstPath = "$(CONTENTS_FOLDER_PATH)/AppClips";
			dstSubfolderSpec = 16;
			files = (
			);
			name = "Embed App Clips";
			runOnlyForDeploymentPostprocessing = 0;
		};
		DACB84742675335D008DD5FD /* Embed Foundation Extensions */ = {
			isa = PBXCopyFilesBuildPhase;
			buildActionMask = 2147483647;
			dstPath = "";
			dstSubfolderSpec = 13;
			files = (
				DAA1CEC0271414120010F304 /* WidgetExtension.appex in Embed Foundation Extensions */,
			);
			name = "Embed Foundation Extensions";
			runOnlyForDeploymentPostprocessing = 0;
		};
/* End PBXCopyFilesBuildPhase section */

/* Begin PBXFileReference section */
		DA07471027F4599700DFA23B /* Animation+Extensions.swift */ = {isa = PBXFileReference; lastKnownFileType = sourcecode.swift; path = "Animation+Extensions.swift"; sourceTree = "<group>"; };
		DA0FE0D9288CAF4A000C2A94 /* ContentView.swift */ = {isa = PBXFileReference; lastKnownFileType = sourcecode.swift; path = ContentView.swift; sourceTree = "<group>"; };
		DA0FE0DB288CAF4A000C2A94 /* UV_IndexApp.swift */ = {isa = PBXFileReference; lastKnownFileType = sourcecode.swift; path = UV_IndexApp.swift; sourceTree = "<group>"; };
		DA0FE0DD288CAF4A000C2A94 /* ComplicationController.swift */ = {isa = PBXFileReference; lastKnownFileType = sourcecode.swift; path = ComplicationController.swift; sourceTree = "<group>"; };
		DA0FE0DF288CAF4B000C2A94 /* Assets.xcassets */ = {isa = PBXFileReference; lastKnownFileType = folder.assetcatalog; path = Assets.xcassets; sourceTree = "<group>"; };
		DA0FE0E2288CAF4B000C2A94 /* Preview Assets.xcassets */ = {isa = PBXFileReference; lastKnownFileType = folder.assetcatalog; path = "Preview Assets.xcassets"; sourceTree = "<group>"; };
		DA0FE0E4288CAF4B000C2A94 /* Info.plist */ = {isa = PBXFileReference; lastKnownFileType = text.plist.xml; path = Info.plist; sourceTree = "<group>"; };
		DA15AB57280706A000A2E3A1 /* ColorScheme+Extensions.swift */ = {isa = PBXFileReference; lastKnownFileType = sourcecode.swift; path = "ColorScheme+Extensions.swift"; sourceTree = "<group>"; };
		DA190182271302B8008ADDA3 /* UserData.swift */ = {isa = PBXFileReference; lastKnownFileType = sourcecode.swift; path = UserData.swift; sourceTree = "<group>"; };
		DA225DFE2885C7A6003F6CCE /* WidgetLocationManager.swift */ = {isa = PBXFileReference; lastKnownFileType = sourcecode.swift; path = WidgetLocationManager.swift; sourceTree = "<group>"; };
		DA22757D29C386D60080C2C0 /* QuickActions.swift */ = {isa = PBXFileReference; lastKnownFileType = sourcecode.swift; path = QuickActions.swift; sourceTree = "<group>"; };
		DA22758229C3D05A0080C2C0 /* en */ = {isa = PBXFileReference; lastKnownFileType = text.plist.strings; name = en; path = en.lproj/AppShortcuts.strings; sourceTree = "<group>"; };
		DA22758429C3D05D0080C2C0 /* sv */ = {isa = PBXFileReference; lastKnownFileType = text.plist.strings; name = sv; path = sv.lproj/AppShortcuts.strings; sourceTree = "<group>"; };
		DA22758629C3D3180080C2C0 /* SavedLocationRowView.swift */ = {isa = PBXFileReference; lastKnownFileType = sourcecode.swift; path = SavedLocationRowView.swift; sourceTree = "<group>"; };
		DA260EC828CBEA340041961A /* AttributionView.swift */ = {isa = PBXFileReference; lastKnownFileType = sourcecode.swift; path = AttributionView.swift; sourceTree = "<group>"; };
		DA39021626B86323008F7483 /* Date+Extensions.swift */ = {isa = PBXFileReference; lastKnownFileType = sourcecode.swift; path = "Date+Extensions.swift"; sourceTree = "<group>"; };
		DA39021826B8709F008F7483 /* UVExtension.swift */ = {isa = PBXFileReference; lastKnownFileType = sourcecode.swift; path = UVExtension.swift; sourceTree = "<group>"; };
		DA3BFDC12674082700AA391A /* isHidden+Extensions.swift */ = {isa = PBXFileReference; lastKnownFileType = sourcecode.swift; path = "isHidden+Extensions.swift"; sourceTree = "<group>"; };
		DA3BFDC326740A0200AA391A /* TimeSliderView.swift */ = {isa = PBXFileReference; lastKnownFileType = sourcecode.swift; path = TimeSliderView.swift; sourceTree = "<group>"; };
		DA3BFDC526740E2100AA391A /* Color+Extensions.swift */ = {isa = PBXFileReference; lastKnownFileType = sourcecode.swift; path = "Color+Extensions.swift"; sourceTree = "<group>"; };
		DA3BFDC72674228900AA391A /* GradientText.swift */ = {isa = PBXFileReference; lastKnownFileType = sourcecode.swift; path = GradientText.swift; sourceTree = "<group>"; };
		DA3BFDC92674261B00AA391A /* UV.swift */ = {isa = PBXFileReference; lastKnownFileType = sourcecode.swift; path = UV.swift; sourceTree = "<group>"; };
		DA3BFDCB2674DADA00AA391A /* LocationManager.swift */ = {isa = PBXFileReference; lastKnownFileType = sourcecode.swift; path = LocationManager.swift; sourceTree = "<group>"; };
		DA43DD9428201F6C00000F64 /* DataView.swift */ = {isa = PBXFileReference; lastKnownFileType = sourcecode.swift; path = DataView.swift; sourceTree = "<group>"; };
		DA4A001F2822767300536828 /* Location+Snapshot.swift */ = {isa = PBXFileReference; lastKnownFileType = sourcecode.swift; path = "Location+Snapshot.swift"; sourceTree = "<group>"; };
		DA65964327FAFB8200D2B203 /* NotificationSliderView.swift */ = {isa = PBXFileReference; lastKnownFileType = sourcecode.swift; path = NotificationSliderView.swift; sourceTree = "<group>"; };
		DA65964527FB1D9900D2B203 /* TimePickerView.swift */ = {isa = PBXFileReference; lastKnownFileType = sourcecode.swift; path = TimePickerView.swift; sourceTree = "<group>"; };
		DA65964727FB324700D2B203 /* DailyOverviewSettingsView.swift */ = {isa = PBXFileReference; lastKnownFileType = sourcecode.swift; path = DailyOverviewSettingsView.swift; sourceTree = "<group>"; };
		DA65965627FC3D8900D2B203 /* Location.swift */ = {isa = PBXFileReference; lastKnownFileType = sourcecode.swift; path = Location.swift; sourceTree = "<group>"; };
		DA73583E288CB39200022E63 /* SettingsView.swift */ = {isa = PBXFileReference; lastKnownFileType = sourcecode.swift; path = SettingsView.swift; sourceTree = "<group>"; };
		DA735840288CB46300022E63 /* DataView.swift */ = {isa = PBXFileReference; lastKnownFileType = sourcecode.swift; path = DataView.swift; sourceTree = "<group>"; };
		DA7C4C1529C62A32008E359C /* SmallUVWidgetWithError.swift */ = {isa = PBXFileReference; lastKnownFileType = sourcecode.swift; path = SmallUVWidgetWithError.swift; sourceTree = "<group>"; };
		DA7C4C1729C8FC60008E359C /* ImageShareView.swift */ = {isa = PBXFileReference; lastKnownFileType = sourcecode.swift; path = ImageShareView.swift; sourceTree = "<group>"; };
		DA7C4C1929D35584008E359C /* LocationLoadingView.swift */ = {isa = PBXFileReference; lastKnownFileType = sourcecode.swift; path = LocationLoadingView.swift; sourceTree = "<group>"; };
		DA7EE3C027F1FD6F009DD239 /* CLPlacemark+Extensions.swift */ = {isa = PBXFileReference; lastKnownFileType = sourcecode.swift; path = "CLPlacemark+Extensions.swift"; sourceTree = "<group>"; };
		DA82DC3D28CE4F4D00522917 /* ShowUVIndexAtCurrentLocation.swift */ = {isa = PBXFileReference; lastKnownFileType = sourcecode.swift; path = ShowUVIndexAtCurrentLocation.swift; sourceTree = "<group>"; };
		DA8444BB2916B36C0010BB04 /* WidgetWeatherManager.swift */ = {isa = PBXFileReference; lastKnownFileType = sourcecode.swift; path = WidgetWeatherManager.swift; sourceTree = "<group>"; };
		DA8444BE2916C5C10010BB04 /* Bundle+Extensions.swift */ = {isa = PBXFileReference; lastKnownFileType = sourcecode.swift; path = "Bundle+Extensions.swift"; sourceTree = "<group>"; };
		DA8444C02916C5EE0010BB04 /* VersionView.swift */ = {isa = PBXFileReference; lastKnownFileType = sourcecode.swift; path = VersionView.swift; sourceTree = "<group>"; };
		DA89953F27D814B700083520 /* View+Extensions.swift */ = {isa = PBXFileReference; lastKnownFileType = sourcecode.swift; path = "View+Extensions.swift"; sourceTree = "<group>"; };
		DA8C09B82675D198006165D1 /* en */ = {isa = PBXFileReference; lastKnownFileType = text.plist.strings; name = en; path = en.lproj/InfoPlist.strings; sourceTree = "<group>"; };
		DA8C09BA2675D19A006165D1 /* sv */ = {isa = PBXFileReference; lastKnownFileType = text.plist.strings; name = sv; path = sv.lproj/InfoPlist.strings; sourceTree = "<group>"; };
		DA92878B286C755700FE3758 /* SmallUVWidgetView.swift */ = {isa = PBXFileReference; lastKnownFileType = sourcecode.swift; path = SmallUVWidgetView.swift; sourceTree = "<group>"; };
		DA94742B26F4BAC4002BF649 /* LocationSheetView.swift */ = {isa = PBXFileReference; lastKnownFileType = sourcecode.swift; path = LocationSheetView.swift; sourceTree = "<group>"; };
		DA9A8E9E2804540E0014DA76 /* UVData.swift */ = {isa = PBXFileReference; lastKnownFileType = sourcecode.swift; path = UVData.swift; sourceTree = "<group>"; };
		DAA1CEB52714140D0010F304 /* WidgetExtension.appex */ = {isa = PBXFileReference; explicitFileType = "wrapper.app-extension"; includeInIndex = 0; path = WidgetExtension.appex; sourceTree = BUILT_PRODUCTS_DIR; };
		DAA1CEB92714140D0010F304 /* Widget.swift */ = {isa = PBXFileReference; lastKnownFileType = sourcecode.swift; path = Widget.swift; sourceTree = "<group>"; };
		DAA1CEBB271414120010F304 /* Assets.xcassets */ = {isa = PBXFileReference; lastKnownFileType = folder.assetcatalog; path = Assets.xcassets; sourceTree = "<group>"; };
		DAA1CEBD271414120010F304 /* Info.plist */ = {isa = PBXFileReference; lastKnownFileType = text.plist.xml; path = Info.plist; sourceTree = "<group>"; };
		DAA2CF9D27F48D31001C166E /* InformationRowView.swift */ = {isa = PBXFileReference; lastKnownFileType = sourcecode.swift; path = InformationRowView.swift; sourceTree = "<group>"; };
		DAB29B2E2A5D8B6500CA15D5 /* UpcomingUVListView.swift */ = {isa = PBXFileReference; lastKnownFileType = sourcecode.swift; path = UpcomingUVListView.swift; sourceTree = "<group>"; };
		DAB29B302A5D8E8E00CA15D5 /* MediumUVWidgetView.swift */ = {isa = PBXFileReference; lastKnownFileType = sourcecode.swift; path = MediumUVWidgetView.swift; sourceTree = "<group>"; };
		DAB29B322A5DA2F000CA15D5 /* SmallUVWidget.swift */ = {isa = PBXFileReference; lastKnownFileType = sourcecode.swift; path = SmallUVWidget.swift; sourceTree = "<group>"; };
		DAB29B342A5FE88F00CA15D5 /* es */ = {isa = PBXFileReference; lastKnownFileType = text.plist.strings; name = es; path = es.lproj/InfoPlist.strings; sourceTree = "<group>"; };
		DAB29B352A5FE88F00CA15D5 /* es */ = {isa = PBXFileReference; lastKnownFileType = text.plist.strings; name = es; path = es.lproj/Localizable.strings; sourceTree = "<group>"; };
		DAB29B362A5FE88F00CA15D5 /* es */ = {isa = PBXFileReference; lastKnownFileType = text.plist.strings; name = es; path = es.lproj/AppShortcuts.strings; sourceTree = "<group>"; };
		DAB29B372A5FF62400CA15D5 /* fr */ = {isa = PBXFileReference; lastKnownFileType = text.plist.strings; name = fr; path = fr.lproj/InfoPlist.strings; sourceTree = "<group>"; };
		DAB29B382A5FF62400CA15D5 /* fr */ = {isa = PBXFileReference; lastKnownFileType = text.plist.strings; name = fr; path = fr.lproj/Localizable.strings; sourceTree = "<group>"; };
		DAB29B392A5FF62400CA15D5 /* fr */ = {isa = PBXFileReference; lastKnownFileType = text.plist.strings; name = fr; path = fr.lproj/AppShortcuts.strings; sourceTree = "<group>"; };
		DAB8D5E92850E75D00A6E31D /* UserNotifications.framework */ = {isa = PBXFileReference; lastKnownFileType = wrapper.framework; name = UserNotifications.framework; path = System/Library/Frameworks/UserNotifications.framework; sourceTree = SDKROOT; };
		DAB8D5EB2850E75D00A6E31D /* UserNotificationsUI.framework */ = {isa = PBXFileReference; lastKnownFileType = wrapper.framework; name = UserNotificationsUI.framework; path = System/Library/Frameworks/UserNotificationsUI.framework; sourceTree = SDKROOT; };
		DAB8D5FE28523A8000A6E31D /* GroupUVByIndex.swift */ = {isa = PBXFileReference; lastKnownFileType = sourcecode.swift; path = GroupUVByIndex.swift; sourceTree = "<group>"; };
		DABD182427D8E7D800446DDE /* NotificationManager.swift */ = {isa = PBXFileReference; lastKnownFileType = sourcecode.swift; path = NotificationManager.swift; sourceTree = "<group>"; };
		DAC3A1A927F5E65B00DA84CF /* String+Extensions.swift */ = {isa = PBXFileReference; lastKnownFileType = sourcecode.swift; path = "String+Extensions.swift"; sourceTree = "<group>"; };
		DAC3D05B29E2FF4400C1F6C0 /* UserDefaults+Extensions.swift */ = {isa = PBXFileReference; lastKnownFileType = sourcecode.swift; path = "UserDefaults+Extensions.swift"; sourceTree = "<group>"; };
		DAC3D05E29E3025C00C1F6C0 /* AppRefresh.swift */ = {isa = PBXFileReference; lastKnownFileType = sourcecode.swift; path = AppRefresh.swift; sourceTree = "<group>"; };
		DAC9BC97281FD9D700CDE1F1 /* UnknownLocationView.swift */ = {isa = PBXFileReference; lastKnownFileType = sourcecode.swift; path = UnknownLocationView.swift; sourceTree = "<group>"; };
		DAC9BC99281FECD600CDE1F1 /* CurrentLocationTabView.swift */ = {isa = PBXFileReference; lastKnownFileType = sourcecode.swift; path = CurrentLocationTabView.swift; sourceTree = "<group>"; };
		DACB846726753358008DD5FD /* WidgetKit.framework */ = {isa = PBXFileReference; lastKnownFileType = wrapper.framework; name = WidgetKit.framework; path = System/Library/Frameworks/WidgetKit.framework; sourceTree = SDKROOT; };
		DACB846926753358008DD5FD /* SwiftUI.framework */ = {isa = PBXFileReference; lastKnownFileType = wrapper.framework; name = SwiftUI.framework; path = System/Library/Frameworks/SwiftUI.framework; sourceTree = SDKROOT; };
		DACB847F26754AB3008DD5FD /* Coordinate.swift */ = {isa = PBXFileReference; lastKnownFileType = sourcecode.swift; path = Coordinate.swift; sourceTree = "<group>"; };
		DACB848D2675699F008DD5FD /* en */ = {isa = PBXFileReference; lastKnownFileType = text.plist.strings; name = en; path = en.lproj/Localizable.strings; sourceTree = "<group>"; };
		DACB848F267569A2008DD5FD /* sv */ = {isa = PBXFileReference; lastKnownFileType = text.plist.strings; name = sv; path = sv.lproj/Localizable.strings; sourceTree = "<group>"; };
		DAD53BCE27D6755800D74EB9 /* LocationModel.swift */ = {isa = PBXFileReference; lastKnownFileType = sourcecode.swift; path = LocationModel.swift; sourceTree = "<group>"; };
		DAD53BD027D67C0700D74EB9 /* LocationError.swift */ = {isa = PBXFileReference; lastKnownFileType = sourcecode.swift; path = LocationError.swift; sourceTree = "<group>"; };
		DAD53BD227D79B2200D74EB9 /* WeatherManager.swift */ = {isa = PBXFileReference; lastKnownFileType = sourcecode.swift; path = WeatherManager.swift; sourceTree = "<group>"; };
		DAD53BD827D7E91300D74EB9 /* LocationSearchService.swift */ = {isa = PBXFileReference; lastKnownFileType = sourcecode.swift; path = LocationSearchService.swift; sourceTree = "<group>"; };
		DAD53BDA27D7F2BE00D74EB9 /* SettingsSheetView.swift */ = {isa = PBXFileReference; lastKnownFileType = sourcecode.swift; path = SettingsSheetView.swift; sourceTree = "<group>"; };
		DAD5C1D2280564BB00361CB5 /* UV Index.entitlements */ = {isa = PBXFileReference; lastKnownFileType = text.plist.entitlements; path = "UV Index.entitlements"; sourceTree = "<group>"; };
		DADA61EC2673F43700E3CB14 /* UV Index.app */ = {isa = PBXFileReference; explicitFileType = wrapper.application; includeInIndex = 0; path = "UV Index.app"; sourceTree = BUILT_PRODUCTS_DIR; };
		DADA61EF2673F43700E3CB14 /* UV_IndexApp.swift */ = {isa = PBXFileReference; lastKnownFileType = sourcecode.swift; path = UV_IndexApp.swift; sourceTree = "<group>"; };
		DADA61F12673F43700E3CB14 /* ContentView.swift */ = {isa = PBXFileReference; lastKnownFileType = sourcecode.swift; path = ContentView.swift; sourceTree = "<group>"; };
		DADA61F32673F43B00E3CB14 /* Assets.xcassets */ = {isa = PBXFileReference; lastKnownFileType = folder.assetcatalog; path = Assets.xcassets; sourceTree = "<group>"; };
		DADA61F62673F43B00E3CB14 /* Preview Assets.xcassets */ = {isa = PBXFileReference; lastKnownFileType = folder.assetcatalog; path = "Preview Assets.xcassets"; sourceTree = "<group>"; };
		DAE0552C281AC03E003EC8E5 /* LocationTabView.swift */ = {isa = PBXFileReference; lastKnownFileType = sourcecode.swift; path = LocationTabView.swift; sourceTree = "<group>"; };
		DAE0552E281ADFD0003EC8E5 /* Store.swift */ = {isa = PBXFileReference; lastKnownFileType = sourcecode.swift; path = Store.swift; sourceTree = "<group>"; };
		DAE05531281C21B5003EC8E5 /* Array+Extensions.swift */ = {isa = PBXFileReference; lastKnownFileType = sourcecode.swift; path = "Array+Extensions.swift"; sourceTree = "<group>"; };
		DAE3F47928CA4B2900558B44 /* GetUVIndexAtLocation.swift */ = {isa = PBXFileReference; lastKnownFileType = sourcecode.swift; path = GetUVIndexAtLocation.swift; sourceTree = "<group>"; };
		DAE3F47B28CA4D8500558B44 /* ShortcutsProvider.swift */ = {isa = PBXFileReference; lastKnownFileType = sourcecode.swift; path = ShortcutsProvider.swift; sourceTree = "<group>"; };
		DAE5F27028CE61B300D9DA69 /* WidgetExtension.entitlements */ = {isa = PBXFileReference; lastKnownFileType = text.plist.entitlements; path = WidgetExtension.entitlements; sourceTree = "<group>"; };
/* End PBXFileReference section */

/* Begin PBXFrameworksBuildPhase section */
		DAA1CEB22714140D0010F304 /* Frameworks */ = {
			isa = PBXFrameworksBuildPhase;
			buildActionMask = 2147483647;
			files = (
				DACD6C8F27E234BC00FC99ED /* Algorithms in Frameworks */,
				DAA1CEB72714140D0010F304 /* SwiftUI.framework in Frameworks */,
				DAA1CEB62714140D0010F304 /* WidgetKit.framework in Frameworks */,
			);
			runOnlyForDeploymentPostprocessing = 0;
		};
		DADA61E92673F43700E3CB14 /* Frameworks */ = {
			isa = PBXFrameworksBuildPhase;
			buildActionMask = 2147483647;
			files = (
				DA65964227FAF91400D2B203 /* SwiftUIExtensions in Frameworks */,
				DA65964027FAF91400D2B203 /* Sliders in Frameworks */,
				DACD6C8D27E2347200FC99ED /* Algorithms in Frameworks */,
				DA65963C27FAF91400D2B203 /* Grid in Frameworks */,
				DA65963E27FAF91400D2B203 /* Shapes in Frameworks */,
				DA73EFB32BACD9B7000DE572 /* TelemetryClient in Frameworks */,
				DA65963A27FAF91400D2B203 /* Chart in Frameworks */,
			);
			runOnlyForDeploymentPostprocessing = 0;
		};
/* End PBXFrameworksBuildPhase section */

/* Begin PBXGroup section */
		DA0FE0D8288CAF4A000C2A94 /* Watch WatchKit Extension */ = {
			isa = PBXGroup;
			children = (
				DA73583D288CB38000022E63 /* Views */,
				DA0FE0DB288CAF4A000C2A94 /* UV_IndexApp.swift */,
				DA0FE0DD288CAF4A000C2A94 /* ComplicationController.swift */,
				DA0FE0DF288CAF4B000C2A94 /* Assets.xcassets */,
				DA0FE0E4288CAF4B000C2A94 /* Info.plist */,
				DA0FE0E1288CAF4B000C2A94 /* Preview Content */,
			);
			path = "Watch WatchKit Extension";
			sourceTree = "<group>";
		};
		DA0FE0E1288CAF4B000C2A94 /* Preview Content */ = {
			isa = PBXGroup;
			children = (
				DA0FE0E2288CAF4B000C2A94 /* Preview Assets.xcassets */,
			);
			path = "Preview Content";
			sourceTree = "<group>";
		};
		DA22758529C3D3080080C2C0 /* Location */ = {
			isa = PBXGroup;
			children = (
				DA94742B26F4BAC4002BF649 /* LocationSheetView.swift */,
				DA22758629C3D3180080C2C0 /* SavedLocationRowView.swift */,
				DA7C4C1929D35584008E359C /* LocationLoadingView.swift */,
			);
			path = Location;
			sourceTree = "<group>";
		};
		DA3BFDC02674081600AA391A /* Extensions */ = {
			isa = PBXGroup;
			children = (
				DAC3A1A927F5E65B00DA84CF /* String+Extensions.swift */,
				DAE05531281C21B5003EC8E5 /* Array+Extensions.swift */,
				DA15AB57280706A000A2E3A1 /* ColorScheme+Extensions.swift */,
				DA89953F27D814B700083520 /* View+Extensions.swift */,
				DA8444BE2916C5C10010BB04 /* Bundle+Extensions.swift */,
				DA22757D29C386D60080C2C0 /* QuickActions.swift */,
			);
			path = Extensions;
			sourceTree = "<group>";
		};
		DA4A00082822730400536828 /* Shared */ = {
			isa = PBXGroup;
			children = (
				DA4A00132822742000536828 /* Model */,
				DA4A000F282273B000536828 /* Extensions */,
				DA4A000C2822735800536828 /* Views */,
				DA4A000D2822735D00536828 /* Structures */,
			);
			path = Shared;
			sourceTree = "<group>";
		};
		DA4A000C2822735800536828 /* Views */ = {
			isa = PBXGroup;
			children = (
				DA3BFDC72674228900AA391A /* GradientText.swift */,
			);
			path = Views;
			sourceTree = "<group>";
		};
		DA4A000D2822735D00536828 /* Structures */ = {
			isa = PBXGroup;
			children = (
				DA3BFDC92674261B00AA391A /* UV.swift */,
				DACB847F26754AB3008DD5FD /* Coordinate.swift */,
				DA65965627FC3D8900D2B203 /* Location.swift */,
			);
			path = Structures;
			sourceTree = "<group>";
		};
		DA4A000F282273B000536828 /* Extensions */ = {
			isa = PBXGroup;
			children = (
				DA39021626B86323008F7483 /* Date+Extensions.swift */,
				DA3BFDC12674082700AA391A /* isHidden+Extensions.swift */,
				DAC3D05B29E2FF4400C1F6C0 /* UserDefaults+Extensions.swift */,
				DA3BFDC526740E2100AA391A /* Color+Extensions.swift */,
				DA07471027F4599700DFA23B /* Animation+Extensions.swift */,
				DA7EE3C027F1FD6F009DD239 /* CLPlacemark+Extensions.swift */,
				DAB8D5FE28523A8000A6E31D /* GroupUVByIndex.swift */,
			);
			path = Extensions;
			sourceTree = "<group>";
		};
		DA4A00132822742000536828 /* Model */ = {
			isa = PBXGroup;
			children = (
				DA190182271302B8008ADDA3 /* UserData.swift */,
				DABD182427D8E7D800446DDE /* NotificationManager.swift */,
				DAD53BD227D79B2200D74EB9 /* WeatherManager.swift */,
				DAE0552E281ADFD0003EC8E5 /* Store.swift */,
				DA4A00242822787000536828 /* Location */,
				DA95D7D9284FCA55004EE247 /* Intents */,
			);
			path = Model;
			sourceTree = "<group>";
		};
		DA4A00242822787000536828 /* Location */ = {
			isa = PBXGroup;
			children = (
				DA3BFDCB2674DADA00AA391A /* LocationManager.swift */,
				DAD53BD027D67C0700D74EB9 /* LocationError.swift */,
				DAD53BCE27D6755800D74EB9 /* LocationModel.swift */,
			);
			path = Location;
			sourceTree = "<group>";
		};
		DA65965527FC3D7B00D2B203 /* Structures */ = {
			isa = PBXGroup;
			children = (
				DA9A8E9E2804540E0014DA76 /* UVData.swift */,
				DA4A001F2822767300536828 /* Location+Snapshot.swift */,
			);
			path = Structures;
			sourceTree = "<group>";
		};
		DA73583D288CB38000022E63 /* Views */ = {
			isa = PBXGroup;
			children = (
				DA0FE0D9288CAF4A000C2A94 /* ContentView.swift */,
				DA73583E288CB39200022E63 /* SettingsView.swift */,
				DA735840288CB46300022E63 /* DataView.swift */,
			);
			path = Views;
			sourceTree = "<group>";
		};
		DA928788286C751400FE3758 /* Views */ = {
			isa = PBXGroup;
			children = (
				DA92878B286C755700FE3758 /* SmallUVWidgetView.swift */,
				DAB29B322A5DA2F000CA15D5 /* SmallUVWidget.swift */,
				DAB29B302A5D8E8E00CA15D5 /* MediumUVWidgetView.swift */,
				DAB29B2E2A5D8B6500CA15D5 /* UpcomingUVListView.swift */,
				DA7C4C1529C62A32008E359C /* SmallUVWidgetWithError.swift */,
			);
			path = Views;
			sourceTree = "<group>";
		};
		DA95D7D9284FCA55004EE247 /* Intents */ = {
			isa = PBXGroup;
			children = (
				DAE3F47928CA4B2900558B44 /* GetUVIndexAtLocation.swift */,
				DA82DC3D28CE4F4D00522917 /* ShowUVIndexAtCurrentLocation.swift */,
				DAE3F47B28CA4D8500558B44 /* ShortcutsProvider.swift */,
			);
			path = Intents;
			sourceTree = "<group>";
		};
		DAA1CEB82714140D0010F304 /* Widget */ = {
			isa = PBXGroup;
			children = (
				DA928788286C751400FE3758 /* Views */,
				DAA1CEB92714140D0010F304 /* Widget.swift */,
				DA8444BB2916B36C0010BB04 /* WidgetWeatherManager.swift */,
				DAA1CEBB271414120010F304 /* Assets.xcassets */,
				DAA1CEBD271414120010F304 /* Info.plist */,
				DA225DFE2885C7A6003F6CCE /* WidgetLocationManager.swift */,
			);
			path = Widget;
			sourceTree = "<group>";
		};
		DAB8D5E02850C96E00A6E31D /* Tabs */ = {
			isa = PBXGroup;
			children = (
				DA43DD9428201F6C00000F64 /* DataView.swift */,
				DAE0552C281AC03E003EC8E5 /* LocationTabView.swift */,
				DAC9BC99281FECD600CDE1F1 /* CurrentLocationTabView.swift */,
				DA3BFDC326740A0200AA391A /* TimeSliderView.swift */,
			);
			path = Tabs;
			sourceTree = "<group>";
		};
		DAB8D5E22850C98200A6E31D /* Views */ = {
			isa = PBXGroup;
			children = (
				DA22758529C3D3080080C2C0 /* Location */,
				DAB8D5E32850C9A800A6E31D /* Settings */,
				DAB8D5E02850C96E00A6E31D /* Tabs */,
				DA7C4C1729C8FC60008E359C /* ImageShareView.swift */,
			);
			path = Views;
			sourceTree = "<group>";
		};
		DAB8D5E32850C9A800A6E31D /* Settings */ = {
			isa = PBXGroup;
			children = (
				DAD53BDA27D7F2BE00D74EB9 /* SettingsSheetView.swift */,
				DAA2CF9D27F48D31001C166E /* InformationRowView.swift */,
				DA260EC828CBEA340041961A /* AttributionView.swift */,
				DA8444C02916C5EE0010BB04 /* VersionView.swift */,
				DA65964727FB324700D2B203 /* DailyOverviewSettingsView.swift */,
				DA65964327FAFB8200D2B203 /* NotificationSliderView.swift */,
				DA65964527FB1D9900D2B203 /* TimePickerView.swift */,
			);
			path = Settings;
			sourceTree = "<group>";
		};
		DACB846626753358008DD5FD /* Frameworks */ = {
			isa = PBXGroup;
			children = (
				DACB846726753358008DD5FD /* WidgetKit.framework */,
				DACB846926753358008DD5FD /* SwiftUI.framework */,
				DAB8D5E92850E75D00A6E31D /* UserNotifications.framework */,
				DAB8D5EB2850E75D00A6E31D /* UserNotificationsUI.framework */,
			);
			name = Frameworks;
			sourceTree = "<group>";
		};
		DACB847E26754AAA008DD5FD /* Model */ = {
			isa = PBXGroup;
			children = (
				DAD53BD827D7E91300D74EB9 /* LocationSearchService.swift */,
				DAC3D05E29E3025C00C1F6C0 /* AppRefresh.swift */,
				DA65965527FC3D7B00D2B203 /* Structures */,
			);
			path = Model;
			sourceTree = "<group>";
		};
		DADA61E32673F43700E3CB14 = {
			isa = PBXGroup;
			children = (
				DAE5F27028CE61B300D9DA69 /* WidgetExtension.entitlements */,
				DA8C09B92675D198006165D1 /* InfoPlist.strings */,
				DACB848E2675699F008DD5FD /* Localizable.strings */,
				DADA61EE2673F43700E3CB14 /* UV Index */,
				DAA1CEB82714140D0010F304 /* Widget */,
				DA4A00082822730400536828 /* Shared */,
				DA0FE0D8288CAF4A000C2A94 /* Watch WatchKit Extension */,
				DACB846626753358008DD5FD /* Frameworks */,
				DADA61ED2673F43700E3CB14 /* Products */,
			);
			sourceTree = "<group>";
		};
		DADA61ED2673F43700E3CB14 /* Products */ = {
			isa = PBXGroup;
			children = (
				DADA61EC2673F43700E3CB14 /* UV Index.app */,
				DAA1CEB52714140D0010F304 /* WidgetExtension.appex */,
			);
			name = Products;
			sourceTree = "<group>";
		};
		DADA61EE2673F43700E3CB14 /* UV Index */ = {
			isa = PBXGroup;
			children = (
				DAD5C1D2280564BB00361CB5 /* UV Index.entitlements */,
				DADA61EF2673F43700E3CB14 /* UV_IndexApp.swift */,
				DADA61F12673F43700E3CB14 /* ContentView.swift */,
				DAB8D5E22850C98200A6E31D /* Views */,
				DAC9BC97281FD9D700CDE1F1 /* UnknownLocationView.swift */,
				DACB847E26754AAA008DD5FD /* Model */,
				DA3BFDC02674081600AA391A /* Extensions */,
				DADA61F32673F43B00E3CB14 /* Assets.xcassets */,
				DADA61F52673F43B00E3CB14 /* Preview Content */,
				DA22758329C3D05A0080C2C0 /* AppShortcuts.strings */,
			);
			path = "UV Index";
			sourceTree = "<group>";
		};
		DADA61F52673F43B00E3CB14 /* Preview Content */ = {
			isa = PBXGroup;
			children = (
				DADA61F62673F43B00E3CB14 /* Preview Assets.xcassets */,
				DA39021826B8709F008F7483 /* UVExtension.swift */,
			);
			path = "Preview Content";
			sourceTree = "<group>";
		};
/* End PBXGroup section */

/* Begin PBXNativeTarget section */
		DAA1CEB42714140D0010F304 /* WidgetExtension */ = {
			isa = PBXNativeTarget;
			buildConfigurationList = DAA1CEC3271414120010F304 /* Build configuration list for PBXNativeTarget "WidgetExtension" */;
			buildPhases = (
				DAA1CEB12714140D0010F304 /* Sources */,
				DAA1CEB22714140D0010F304 /* Frameworks */,
				DAA1CEB32714140D0010F304 /* Resources */,
			);
			buildRules = (
			);
			dependencies = (
			);
			name = WidgetExtension;
			packageProductDependencies = (
				DACD6C8E27E234BC00FC99ED /* Algorithms */,
			);
			productName = WidgetExtension;
			productReference = DAA1CEB52714140D0010F304 /* WidgetExtension.appex */;
			productType = "com.apple.product-type.app-extension";
		};
		DADA61EB2673F43700E3CB14 /* UV Index */ = {
			isa = PBXNativeTarget;
			buildConfigurationList = DADA61FF2673F43B00E3CB14 /* Build configuration list for PBXNativeTarget "UV Index" */;
			buildPhases = (
				DADA61E82673F43700E3CB14 /* Sources */,
				DADA61E92673F43700E3CB14 /* Frameworks */,
				DADA61EA2673F43700E3CB14 /* Resources */,
				DACB84742675335D008DD5FD /* Embed Foundation Extensions */,
				DA65BCCC281990510012A53B /* Embed Watch Content */,
				DA95D7EB284FCD6A004EE247 /* Embed ExtensionKit Extensions */,
				DABAF194286A50E600ABD955 /* Embed App Clips */,
			);
			buildRules = (
			);
			dependencies = (
				DAA1CEBF271414120010F304 /* PBXTargetDependency */,
			);
			name = "UV Index";
			packageProductDependencies = (
				DACD6C8C27E2347200FC99ED /* Algorithms */,
				DA65963927FAF91400D2B203 /* Chart */,
				DA65963B27FAF91400D2B203 /* Grid */,
				DA65963D27FAF91400D2B203 /* Shapes */,
				DA65963F27FAF91400D2B203 /* Sliders */,
				DA65964127FAF91400D2B203 /* SwiftUIExtensions */,
				DA73EFB22BACD9B7000DE572 /* TelemetryClient */,
			);
			productName = "UV Index";
			productReference = DADA61EC2673F43700E3CB14 /* UV Index.app */;
			productType = "com.apple.product-type.application";
		};
/* End PBXNativeTarget section */

/* Begin PBXProject section */
		DADA61E42673F43700E3CB14 /* Project object */ = {
			isa = PBXProject;
			attributes = {
				BuildIndependentTargetsInParallel = 1;
				LastSwiftUpdateCheck = 1340;
				LastUpgradeCheck = 1530;
				TargetAttributes = {
					DAA1CEB42714140D0010F304 = {
						CreatedOnToolsVersion = 13.0;
					};
					DADA61EB2673F43700E3CB14 = {
						CreatedOnToolsVersion = 13.0;
					};
				};
			};
			buildConfigurationList = DADA61E72673F43700E3CB14 /* Build configuration list for PBXProject "UV Index" */;
			compatibilityVersion = "Xcode 12.0";
			developmentRegion = en;
			hasScannedForEncodings = 0;
			knownRegions = (
				en,
				sv,
				es,
				fr,
			);
			mainGroup = DADA61E32673F43700E3CB14;
			packageReferences = (
				DACD6C8B27E2347200FC99ED /* XCRemoteSwiftPackageReference "swift-algorithms" */,
				DA65963827FAF91400D2B203 /* XCRemoteSwiftPackageReference "swiftui-extensions" */,
				DA73EFB12BACD9B7000DE572 /* XCRemoteSwiftPackageReference "SwiftClient" */,
			);
			productRefGroup = DADA61ED2673F43700E3CB14 /* Products */;
			projectDirPath = "";
			projectRoot = "";
			targets = (
				DADA61EB2673F43700E3CB14 /* UV Index */,
				DAA1CEB42714140D0010F304 /* WidgetExtension */,
			);
		};
/* End PBXProject section */

/* Begin PBXResourcesBuildPhase section */
		DAA1CEB32714140D0010F304 /* Resources */ = {
			isa = PBXResourcesBuildPhase;
			buildActionMask = 2147483647;
			files = (
				DAA1CEBC271414120010F304 /* Assets.xcassets in Resources */,
				DA82DC3F28CE54A100522917 /* InfoPlist.strings in Resources */,
				DABD182827DFA71700446DDE /* Localizable.strings in Resources */,
			);
			runOnlyForDeploymentPostprocessing = 0;
		};
		DADA61EA2673F43700E3CB14 /* Resources */ = {
			isa = PBXResourcesBuildPhase;
			buildActionMask = 2147483647;
			files = (
				DADA61F72673F43B00E3CB14 /* Preview Assets.xcassets in Resources */,
				DA22758129C3D05A0080C2C0 /* AppShortcuts.strings in Resources */,
				DA8C09B72675D198006165D1 /* InfoPlist.strings in Resources */,
				DACB848B2675699F008DD5FD /* Localizable.strings in Resources */,
				DADA61F42673F43B00E3CB14 /* Assets.xcassets in Resources */,
			);
			runOnlyForDeploymentPostprocessing = 0;
		};
/* End PBXResourcesBuildPhase section */

/* Begin PBXSourcesBuildPhase section */
		DAA1CEB12714140D0010F304 /* Sources */ = {
			isa = PBXSourcesBuildPhase;
			buildActionMask = 2147483647;
			files = (
				DA65965927FC7CAD00D2B203 /* Animation+Extensions.swift in Sources */,
				DAB29B2F2A5D8B6500CA15D5 /* UpcomingUVListView.swift in Sources */,
				DAB29B312A5D8E8E00CA15D5 /* MediumUVWidgetView.swift in Sources */,
				DA92878E286C757800FE3758 /* SmallUVWidgetView.swift in Sources */,
				DA8444BD2916B3C00010BB04 /* WeatherManager.swift in Sources */,
				DAA1CEC9271416880010F304 /* GradientText.swift in Sources */,
				DAC3D05D29E2FF4400C1F6C0 /* UserDefaults+Extensions.swift in Sources */,
				DAD53BD627D7A52A00D74EB9 /* LocationError.swift in Sources */,
				DA9A8EA02804540E0014DA76 /* UVData.swift in Sources */,
				DA15AB59280711BC00A2E3A1 /* ColorScheme+Extensions.swift in Sources */,
				DA65965827FC3D8900D2B203 /* Location.swift in Sources */,
				DAA1CEC4271414D00010F304 /* UV.swift in Sources */,
				DA7C4C1629C62A32008E359C /* SmallUVWidgetWithError.swift in Sources */,
				DAA1CEBA2714140D0010F304 /* Widget.swift in Sources */,
				DAB29B332A5DA2F000CA15D5 /* SmallUVWidget.swift in Sources */,
				DA76DE48282174C3004D5267 /* Date+Extensions.swift in Sources */,
				DA8444BC2916B36C0010BB04 /* WidgetWeatherManager.swift in Sources */,
				DAD53BD727D7BA0E00D74EB9 /* UserData.swift in Sources */,
				DA7EE3C227F1FEB0009DD239 /* CLPlacemark+Extensions.swift in Sources */,
				DA225DFF2885C7A6003F6CCE /* WidgetLocationManager.swift in Sources */,
				DAA1CECA271416E40010F304 /* Color+Extensions.swift in Sources */,
				DA89954127D814F900083520 /* View+Extensions.swift in Sources */,
				DAA1CEC6271415EE0010F304 /* Coordinate.swift in Sources */,
				DAB8D60028523FBB00A6E31D /* GroupUVByIndex.swift in Sources */,
			);
			runOnlyForDeploymentPostprocessing = 0;
		};
		DADA61E82673F43700E3CB14 /* Sources */ = {
			isa = PBXSourcesBuildPhase;
			buildActionMask = 2147483647;
			files = (
				DA3BFDCC2674DADA00AA391A /* LocationManager.swift in Sources */,
				DAC3D05C29E2FF4400C1F6C0 /* UserDefaults+Extensions.swift in Sources */,
				DA3BFDC426740A0200AA391A /* TimeSliderView.swift in Sources */,
				DAC9BC98281FD9D700CDE1F1 /* UnknownLocationView.swift in Sources */,
				DA260EC928CBEA340041961A /* AttributionView.swift in Sources */,
				DA22758729C3D3180080C2C0 /* SavedLocationRowView.swift in Sources */,
				DADA61F22673F43700E3CB14 /* ContentView.swift in Sources */,
				DAE3F47C28CA4D8500558B44 /* ShortcutsProvider.swift in Sources */,
				DA190183271302B9008ADDA3 /* UserData.swift in Sources */,
				DAD53BD127D67C0700D74EB9 /* LocationError.swift in Sources */,
				DA3BFDC82674228A00AA391A /* GradientText.swift in Sources */,
				DAC3D05F29E3025C00C1F6C0 /* AppRefresh.swift in Sources */,
				DAA2CF9E27F48D31001C166E /* InformationRowView.swift in Sources */,
				DA07471127F4599700DFA23B /* Animation+Extensions.swift in Sources */,
				DAB8D5FF28523A8000A6E31D /* GroupUVByIndex.swift in Sources */,
				DA9A8E9F2804540E0014DA76 /* UVData.swift in Sources */,
				DAC3A1AA27F5E65B00DA84CF /* String+Extensions.swift in Sources */,
				DA22757E29C386D60080C2C0 /* QuickActions.swift in Sources */,
				DA7EE3C127F1FD6F009DD239 /* CLPlacemark+Extensions.swift in Sources */,
				DAE3F47A28CA4B2900558B44 /* GetUVIndexAtLocation.swift in Sources */,
				DAD53BDB27D7F2BE00D74EB9 /* SettingsSheetView.swift in Sources */,
				DA15AB58280706A000A2E3A1 /* ColorScheme+Extensions.swift in Sources */,
				DAD53BD327D79B2200D74EB9 /* WeatherManager.swift in Sources */,
				DAE0552D281AC03E003EC8E5 /* LocationTabView.swift in Sources */,
				DAD53BCF27D6755800D74EB9 /* LocationModel.swift in Sources */,
				DA8444BF2916C5C10010BB04 /* Bundle+Extensions.swift in Sources */,
				DA65964627FB1D9900D2B203 /* TimePickerView.swift in Sources */,
				DA8444C12916C5EE0010BB04 /* VersionView.swift in Sources */,
				DA4A00202822767300536828 /* Location+Snapshot.swift in Sources */,
				DAE05532281C21B5003EC8E5 /* Array+Extensions.swift in Sources */,
				DA89954027D814B700083520 /* View+Extensions.swift in Sources */,
				DA43DD9528201F6C00000F64 /* DataView.swift in Sources */,
				DA94742C26F4BAC4002BF649 /* LocationSheetView.swift in Sources */,
				DA3BFDC22674082700AA391A /* isHidden+Extensions.swift in Sources */,
				DA3BFDC626740E2100AA391A /* Color+Extensions.swift in Sources */,
				DA7C4C1A29D35584008E359C /* LocationLoadingView.swift in Sources */,
				DA82DC3E28CE4F4D00522917 /* ShowUVIndexAtCurrentLocation.swift in Sources */,
				DA65965727FC3D8900D2B203 /* Location.swift in Sources */,
				DA7C4C1829C8FC60008E359C /* ImageShareView.swift in Sources */,
				DA39021726B86323008F7483 /* Date+Extensions.swift in Sources */,
				DA65964427FAFB8200D2B203 /* NotificationSliderView.swift in Sources */,
				DADA61F02673F43700E3CB14 /* UV_IndexApp.swift in Sources */,
				DA39021926B8709F008F7483 /* UVExtension.swift in Sources */,
				DAD53BD927D7E91300D74EB9 /* LocationSearchService.swift in Sources */,
				DA3BFDCA2674261B00AA391A /* UV.swift in Sources */,
				DAE0552F281ADFD0003EC8E5 /* Store.swift in Sources */,
				DACB848026754AB3008DD5FD /* Coordinate.swift in Sources */,
				DABD182527D8E7D800446DDE /* NotificationManager.swift in Sources */,
				DAC9BC9A281FECD600CDE1F1 /* CurrentLocationTabView.swift in Sources */,
				DA65964827FB324700D2B203 /* DailyOverviewSettingsView.swift in Sources */,
			);
			runOnlyForDeploymentPostprocessing = 0;
		};
/* End PBXSourcesBuildPhase section */

/* Begin PBXTargetDependency section */
		DAA1CEBF271414120010F304 /* PBXTargetDependency */ = {
			isa = PBXTargetDependency;
			target = DAA1CEB42714140D0010F304 /* WidgetExtension */;
			targetProxy = DAA1CEBE271414120010F304 /* PBXContainerItemProxy */;
		};
/* End PBXTargetDependency section */

/* Begin PBXVariantGroup section */
		DA22758329C3D05A0080C2C0 /* AppShortcuts.strings */ = {
			isa = PBXVariantGroup;
			children = (
				DA22758229C3D05A0080C2C0 /* en */,
				DA22758429C3D05D0080C2C0 /* sv */,
				DAB29B362A5FE88F00CA15D5 /* es */,
				DAB29B392A5FF62400CA15D5 /* fr */,
			);
			name = AppShortcuts.strings;
			sourceTree = "<group>";
		};
		DA8C09B92675D198006165D1 /* InfoPlist.strings */ = {
			isa = PBXVariantGroup;
			children = (
				DA8C09B82675D198006165D1 /* en */,
				DA8C09BA2675D19A006165D1 /* sv */,
				DAB29B342A5FE88F00CA15D5 /* es */,
				DAB29B372A5FF62400CA15D5 /* fr */,
			);
			name = InfoPlist.strings;
			sourceTree = "<group>";
		};
		DACB848E2675699F008DD5FD /* Localizable.strings */ = {
			isa = PBXVariantGroup;
			children = (
				DACB848D2675699F008DD5FD /* en */,
				DACB848F267569A2008DD5FD /* sv */,
				DAB29B352A5FE88F00CA15D5 /* es */,
				DAB29B382A5FF62400CA15D5 /* fr */,
			);
			name = Localizable.strings;
			sourceTree = "<group>";
		};
/* End PBXVariantGroup section */

/* Begin XCBuildConfiguration section */
		DAA1CEC1271414120010F304 /* Debug */ = {
			isa = XCBuildConfiguration;
			buildSettings = {
				ASSETCATALOG_COMPILER_GLOBAL_ACCENT_COLOR_NAME = AccentColor;
				ASSETCATALOG_COMPILER_WIDGET_BACKGROUND_COLOR_NAME = WidgetBackground;
				CLANG_CXX_LANGUAGE_STANDARD = "gnu++17";
				CODE_SIGN_ENTITLEMENTS = WidgetExtension.entitlements;
				CODE_SIGN_STYLE = Automatic;
				CURRENT_PROJECT_VERSION = 1;
				DEVELOPMENT_TEAM = 8APFUFV53Q;
				GENERATE_INFOPLIST_FILE = YES;
				INFOPLIST_FILE = Widget/Info.plist;
				INFOPLIST_KEY_CFBundleDisplayName = Widget;
				INFOPLIST_KEY_NSHumanReadableCopyright = "";
				IPHONEOS_DEPLOYMENT_TARGET = 17.0;
				LD_RUNPATH_SEARCH_PATHS = (
					"$(inherited)",
					"@executable_path/Frameworks",
					"@executable_path/../../Frameworks",
				);
				MARKETING_VERSION = 1.0.7;
				PRODUCT_BUNDLE_IDENTIFIER = "com.magnusburton.UV-Index.Widget";
				PRODUCT_NAME = "$(TARGET_NAME)";
				SKIP_INSTALL = YES;
				SUPPORTED_PLATFORMS = "iphoneos iphonesimulator";
				SUPPORTS_MACCATALYST = NO;
				SUPPORTS_MAC_DESIGNED_FOR_IPHONE_IPAD = NO;
				SUPPORTS_XR_DESIGNED_FOR_IPHONE_IPAD = NO;
				SWIFT_EMIT_LOC_STRINGS = YES;
				SWIFT_VERSION = 5.0;
				TARGETED_DEVICE_FAMILY = 1;
			};
			name = Debug;
		};
		DAA1CEC2271414120010F304 /* Release */ = {
			isa = XCBuildConfiguration;
			buildSettings = {
				ASSETCATALOG_COMPILER_GLOBAL_ACCENT_COLOR_NAME = AccentColor;
				ASSETCATALOG_COMPILER_WIDGET_BACKGROUND_COLOR_NAME = WidgetBackground;
				CLANG_CXX_LANGUAGE_STANDARD = "gnu++17";
				CODE_SIGN_ENTITLEMENTS = WidgetExtension.entitlements;
				CODE_SIGN_STYLE = Automatic;
				CURRENT_PROJECT_VERSION = 1;
				DEVELOPMENT_TEAM = 8APFUFV53Q;
				GENERATE_INFOPLIST_FILE = YES;
				INFOPLIST_FILE = Widget/Info.plist;
				INFOPLIST_KEY_CFBundleDisplayName = Widget;
				INFOPLIST_KEY_NSHumanReadableCopyright = "";
				IPHONEOS_DEPLOYMENT_TARGET = 17.0;
				LD_RUNPATH_SEARCH_PATHS = (
					"$(inherited)",
					"@executable_path/Frameworks",
					"@executable_path/../../Frameworks",
				);
				MARKETING_VERSION = 1.0.7;
				PRODUCT_BUNDLE_IDENTIFIER = "com.magnusburton.UV-Index.Widget";
				PRODUCT_NAME = "$(TARGET_NAME)";
				SKIP_INSTALL = YES;
				SUPPORTED_PLATFORMS = "iphoneos iphonesimulator";
				SUPPORTS_MACCATALYST = NO;
				SUPPORTS_MAC_DESIGNED_FOR_IPHONE_IPAD = NO;
				SUPPORTS_XR_DESIGNED_FOR_IPHONE_IPAD = NO;
				SWIFT_EMIT_LOC_STRINGS = YES;
				SWIFT_VERSION = 5.0;
				TARGETED_DEVICE_FAMILY = 1;
			};
			name = Release;
		};
		DADA61FD2673F43B00E3CB14 /* Debug */ = {
			isa = XCBuildConfiguration;
			buildSettings = {
				ALWAYS_SEARCH_USER_PATHS = NO;
				ASSETCATALOG_COMPILER_GENERATE_SWIFT_ASSET_SYMBOL_EXTENSIONS = YES;
				CLANG_ANALYZER_LOCALIZABILITY_NONLOCALIZED = YES;
				CLANG_ANALYZER_NONNULL = YES;
				CLANG_ANALYZER_NUMBER_OBJECT_CONVERSION = YES_AGGRESSIVE;
				CLANG_CXX_LANGUAGE_STANDARD = "gnu++14";
				CLANG_CXX_LIBRARY = "libc++";
				CLANG_ENABLE_MODULES = YES;
				CLANG_ENABLE_OBJC_ARC = YES;
				CLANG_ENABLE_OBJC_WEAK = YES;
				CLANG_WARN_BLOCK_CAPTURE_AUTORELEASING = YES;
				CLANG_WARN_BOOL_CONVERSION = YES;
				CLANG_WARN_COMMA = YES;
				CLANG_WARN_CONSTANT_CONVERSION = YES;
				CLANG_WARN_DEPRECATED_OBJC_IMPLEMENTATIONS = YES;
				CLANG_WARN_DIRECT_OBJC_ISA_USAGE = YES_ERROR;
				CLANG_WARN_DOCUMENTATION_COMMENTS = YES;
				CLANG_WARN_EMPTY_BODY = YES;
				CLANG_WARN_ENUM_CONVERSION = YES;
				CLANG_WARN_INFINITE_RECURSION = YES;
				CLANG_WARN_INT_CONVERSION = YES;
				CLANG_WARN_NON_LITERAL_NULL_CONVERSION = YES;
				CLANG_WARN_OBJC_IMPLICIT_RETAIN_SELF = YES;
				CLANG_WARN_OBJC_LITERAL_CONVERSION = YES;
				CLANG_WARN_OBJC_ROOT_CLASS = YES_ERROR;
				CLANG_WARN_QUOTED_INCLUDE_IN_FRAMEWORK_HEADER = YES;
				CLANG_WARN_RANGE_LOOP_ANALYSIS = YES;
				CLANG_WARN_STRICT_PROTOTYPES = YES;
				CLANG_WARN_SUSPICIOUS_MOVE = YES;
				CLANG_WARN_UNGUARDED_AVAILABILITY = YES_AGGRESSIVE;
				CLANG_WARN_UNREACHABLE_CODE = YES;
				CLANG_WARN__DUPLICATE_METHOD_MATCH = YES;
				COPY_PHASE_STRIP = NO;
				DEBUG_INFORMATION_FORMAT = dwarf;
				ENABLE_STRICT_OBJC_MSGSEND = YES;
				ENABLE_TESTABILITY = YES;
				ENABLE_USER_SCRIPT_SANDBOXING = YES;
				GCC_C_LANGUAGE_STANDARD = gnu11;
				GCC_DYNAMIC_NO_PIC = NO;
				GCC_NO_COMMON_BLOCKS = YES;
				GCC_OPTIMIZATION_LEVEL = 0;
				GCC_PREPROCESSOR_DEFINITIONS = (
					"DEBUG=1",
					"$(inherited)",
				);
				GCC_WARN_64_TO_32_BIT_CONVERSION = YES;
				GCC_WARN_ABOUT_RETURN_TYPE = YES_ERROR;
				GCC_WARN_UNDECLARED_SELECTOR = YES;
				GCC_WARN_UNINITIALIZED_AUTOS = YES_AGGRESSIVE;
				GCC_WARN_UNUSED_FUNCTION = YES;
				GCC_WARN_UNUSED_VARIABLE = YES;
				IPHONEOS_DEPLOYMENT_TARGET = 17.0;
				MTL_ENABLE_DEBUG_INFO = INCLUDE_SOURCE;
				MTL_FAST_MATH = YES;
				ONLY_ACTIVE_ARCH = YES;
				SDKROOT = iphoneos;
				SWIFT_ACTIVE_COMPILATION_CONDITIONS = DEBUG;
				SWIFT_OPTIMIZATION_LEVEL = "-Onone";
				SWIFT_STRICT_CONCURRENCY = complete;
			};
			name = Debug;
		};
		DADA61FE2673F43B00E3CB14 /* Release */ = {
			isa = XCBuildConfiguration;
			buildSettings = {
				ALWAYS_SEARCH_USER_PATHS = NO;
				ASSETCATALOG_COMPILER_GENERATE_SWIFT_ASSET_SYMBOL_EXTENSIONS = YES;
				CLANG_ANALYZER_LOCALIZABILITY_NONLOCALIZED = YES;
				CLANG_ANALYZER_NONNULL = YES;
				CLANG_ANALYZER_NUMBER_OBJECT_CONVERSION = YES_AGGRESSIVE;
				CLANG_CXX_LANGUAGE_STANDARD = "gnu++14";
				CLANG_CXX_LIBRARY = "libc++";
				CLANG_ENABLE_MODULES = YES;
				CLANG_ENABLE_OBJC_ARC = YES;
				CLANG_ENABLE_OBJC_WEAK = YES;
				CLANG_WARN_BLOCK_CAPTURE_AUTORELEASING = YES;
				CLANG_WARN_BOOL_CONVERSION = YES;
				CLANG_WARN_COMMA = YES;
				CLANG_WARN_CONSTANT_CONVERSION = YES;
				CLANG_WARN_DEPRECATED_OBJC_IMPLEMENTATIONS = YES;
				CLANG_WARN_DIRECT_OBJC_ISA_USAGE = YES_ERROR;
				CLANG_WARN_DOCUMENTATION_COMMENTS = YES;
				CLANG_WARN_EMPTY_BODY = YES;
				CLANG_WARN_ENUM_CONVERSION = YES;
				CLANG_WARN_INFINITE_RECURSION = YES;
				CLANG_WARN_INT_CONVERSION = YES;
				CLANG_WARN_NON_LITERAL_NULL_CONVERSION = YES;
				CLANG_WARN_OBJC_IMPLICIT_RETAIN_SELF = YES;
				CLANG_WARN_OBJC_LITERAL_CONVERSION = YES;
				CLANG_WARN_OBJC_ROOT_CLASS = YES_ERROR;
				CLANG_WARN_QUOTED_INCLUDE_IN_FRAMEWORK_HEADER = YES;
				CLANG_WARN_RANGE_LOOP_ANALYSIS = YES;
				CLANG_WARN_STRICT_PROTOTYPES = YES;
				CLANG_WARN_SUSPICIOUS_MOVE = YES;
				CLANG_WARN_UNGUARDED_AVAILABILITY = YES_AGGRESSIVE;
				CLANG_WARN_UNREACHABLE_CODE = YES;
				CLANG_WARN__DUPLICATE_METHOD_MATCH = YES;
				COPY_PHASE_STRIP = NO;
				DEBUG_INFORMATION_FORMAT = "dwarf-with-dsym";
				ENABLE_NS_ASSERTIONS = NO;
				ENABLE_STRICT_OBJC_MSGSEND = YES;
				ENABLE_USER_SCRIPT_SANDBOXING = YES;
				GCC_C_LANGUAGE_STANDARD = gnu11;
				GCC_NO_COMMON_BLOCKS = YES;
				GCC_WARN_64_TO_32_BIT_CONVERSION = YES;
				GCC_WARN_ABOUT_RETURN_TYPE = YES_ERROR;
				GCC_WARN_UNDECLARED_SELECTOR = YES;
				GCC_WARN_UNINITIALIZED_AUTOS = YES_AGGRESSIVE;
				GCC_WARN_UNUSED_FUNCTION = YES;
				GCC_WARN_UNUSED_VARIABLE = YES;
				IPHONEOS_DEPLOYMENT_TARGET = 17.0;
				MTL_ENABLE_DEBUG_INFO = NO;
				MTL_FAST_MATH = YES;
				SDKROOT = iphoneos;
				SWIFT_COMPILATION_MODE = wholemodule;
				SWIFT_OPTIMIZATION_LEVEL = "-O";
				SWIFT_STRICT_CONCURRENCY = complete;
				VALIDATE_PRODUCT = YES;
			};
			name = Release;
		};
		DADA62002673F43B00E3CB14 /* Debug */ = {
			isa = XCBuildConfiguration;
			buildSettings = {
				ALWAYS_EMBED_SWIFT_STANDARD_LIBRARIES = YES;
				ASSETCATALOG_COMPILER_APPICON_NAME = AppIcon;
				ASSETCATALOG_COMPILER_GLOBAL_ACCENT_COLOR_NAME = AccentColor;
				CODE_SIGN_ENTITLEMENTS = "UV Index/UV Index.entitlements";
				CODE_SIGN_STYLE = Automatic;
				CURRENT_PROJECT_VERSION = 1;
				DEVELOPMENT_ASSET_PATHS = "\"UV Index/Preview Content\"";
				DEVELOPMENT_TEAM = 8APFUFV53Q;
				ENABLE_PREVIEWS = YES;
				GENERATE_INFOPLIST_FILE = YES;
				INFOPLIST_FILE = "UV-Index-Info.plist";
				INFOPLIST_KEY_CFBundleDisplayName = "UV Index";
				INFOPLIST_KEY_CFBundleExecutable = "UV Index";
				INFOPLIST_KEY_CFBundleName = "UV Index";
				INFOPLIST_KEY_CFBundleVersion = 1;
				INFOPLIST_KEY_NSLocationWhenInUseUsageDescription = "Location is needed to fetch the current UV index at your location.";
				INFOPLIST_KEY_UIApplicationSceneManifest_Generation = YES;
				INFOPLIST_KEY_UIApplicationSupportsIndirectInputEvents = YES;
				INFOPLIST_KEY_UILaunchScreen_Generation = YES;
				INFOPLIST_KEY_UIRequiredDeviceCapabilities = "location-services gps";
				INFOPLIST_KEY_UISupportedInterfaceOrientations = UIInterfaceOrientationPortrait;
				INFOPLIST_KEY_UISupportedInterfaceOrientations_iPad = UIInterfaceOrientationPortrait;
				INFOPLIST_KEY_UISupportedInterfaceOrientations_iPhone = UIInterfaceOrientationPortrait;
				IPHONEOS_DEPLOYMENT_TARGET = 17.0;
				LD_RUNPATH_SEARCH_PATHS = (
					"$(inherited)",
					"@executable_path/Frameworks",
				);
				MARKETING_VERSION = 1.0.11;
				PRODUCT_BUNDLE_IDENTIFIER = "com.magnusburton.UV-Index";
				PRODUCT_NAME = "$(TARGET_NAME)";
				SUPPORTED_PLATFORMS = "iphoneos iphonesimulator";
				SUPPORTS_MACCATALYST = NO;
				SUPPORTS_MAC_DESIGNED_FOR_IPHONE_IPAD = NO;
				SUPPORTS_XR_DESIGNED_FOR_IPHONE_IPAD = NO;
				SWIFT_EMIT_LOC_STRINGS = YES;
				SWIFT_VERSION = 5.0;
				TARGETED_DEVICE_FAMILY = 1;
			};
			name = Debug;
		};
		DADA62012673F43B00E3CB14 /* Release */ = {
			isa = XCBuildConfiguration;
			buildSettings = {
				ALWAYS_EMBED_SWIFT_STANDARD_LIBRARIES = YES;
				ASSETCATALOG_COMPILER_APPICON_NAME = AppIcon;
				ASSETCATALOG_COMPILER_GLOBAL_ACCENT_COLOR_NAME = AccentColor;
				CODE_SIGN_ENTITLEMENTS = "UV Index/UV Index.entitlements";
				CODE_SIGN_STYLE = Automatic;
				CURRENT_PROJECT_VERSION = 1;
				DEVELOPMENT_ASSET_PATHS = "\"UV Index/Preview Content\"";
				DEVELOPMENT_TEAM = 8APFUFV53Q;
				ENABLE_PREVIEWS = YES;
				GENERATE_INFOPLIST_FILE = YES;
				INFOPLIST_FILE = "UV-Index-Info.plist";
				INFOPLIST_KEY_CFBundleDisplayName = "UV Index";
				INFOPLIST_KEY_CFBundleExecutable = "UV Index";
				INFOPLIST_KEY_CFBundleName = "UV Index";
				INFOPLIST_KEY_CFBundleVersion = 1;
				INFOPLIST_KEY_NSLocationWhenInUseUsageDescription = "Location is needed to fetch the current UV index at your location.";
				INFOPLIST_KEY_UIApplicationSceneManifest_Generation = YES;
				INFOPLIST_KEY_UIApplicationSupportsIndirectInputEvents = YES;
				INFOPLIST_KEY_UILaunchScreen_Generation = YES;
				INFOPLIST_KEY_UIRequiredDeviceCapabilities = "location-services gps";
				INFOPLIST_KEY_UISupportedInterfaceOrientations = UIInterfaceOrientationPortrait;
				INFOPLIST_KEY_UISupportedInterfaceOrientations_iPad = UIInterfaceOrientationPortrait;
				INFOPLIST_KEY_UISupportedInterfaceOrientations_iPhone = UIInterfaceOrientationPortrait;
				IPHONEOS_DEPLOYMENT_TARGET = 17.0;
				LD_RUNPATH_SEARCH_PATHS = (
					"$(inherited)",
					"@executable_path/Frameworks",
				);
				MARKETING_VERSION = 1.0.11;
				PRODUCT_BUNDLE_IDENTIFIER = "com.magnusburton.UV-Index";
				PRODUCT_NAME = "$(TARGET_NAME)";
				SUPPORTED_PLATFORMS = "iphoneos iphonesimulator";
				SUPPORTS_MACCATALYST = NO;
				SUPPORTS_MAC_DESIGNED_FOR_IPHONE_IPAD = NO;
				SUPPORTS_XR_DESIGNED_FOR_IPHONE_IPAD = NO;
				SWIFT_EMIT_LOC_STRINGS = YES;
				SWIFT_VERSION = 5.0;
				TARGETED_DEVICE_FAMILY = 1;
			};
			name = Release;
		};
/* End XCBuildConfiguration section */

/* Begin XCConfigurationList section */
		DAA1CEC3271414120010F304 /* Build configuration list for PBXNativeTarget "WidgetExtension" */ = {
			isa = XCConfigurationList;
			buildConfigurations = (
				DAA1CEC1271414120010F304 /* Debug */,
				DAA1CEC2271414120010F304 /* Release */,
			);
			defaultConfigurationIsVisible = 0;
			defaultConfigurationName = Release;
		};
		DADA61E72673F43700E3CB14 /* Build configuration list for PBXProject "UV Index" */ = {
			isa = XCConfigurationList;
			buildConfigurations = (
				DADA61FD2673F43B00E3CB14 /* Debug */,
				DADA61FE2673F43B00E3CB14 /* Release */,
			);
			defaultConfigurationIsVisible = 0;
			defaultConfigurationName = Release;
		};
		DADA61FF2673F43B00E3CB14 /* Build configuration list for PBXNativeTarget "UV Index" */ = {
			isa = XCConfigurationList;
			buildConfigurations = (
				DADA62002673F43B00E3CB14 /* Debug */,
				DADA62012673F43B00E3CB14 /* Release */,
			);
			defaultConfigurationIsVisible = 0;
			defaultConfigurationName = Release;
		};
/* End XCConfigurationList section */

/* Begin XCRemoteSwiftPackageReference section */
		DA65963827FAF91400D2B203 /* XCRemoteSwiftPackageReference "swiftui-extensions" */ = {
			isa = XCRemoteSwiftPackageReference;
			repositoryURL = "https://github.com/tailang/swiftui-extensions";
			requirement = {
				branch = master;
				kind = branch;
			};
		};
		DA73EFB12BACD9B7000DE572 /* XCRemoteSwiftPackageReference "SwiftClient" */ = {
			isa = XCRemoteSwiftPackageReference;
			repositoryURL = "https://github.com/TelemetryDeck/SwiftClient";
			requirement = {
				kind = upToNextMajorVersion;
				minimumVersion = 1.5.1;
			};
		};
		DACD6C8B27E2347200FC99ED /* XCRemoteSwiftPackageReference "swift-algorithms" */ = {
			isa = XCRemoteSwiftPackageReference;
			repositoryURL = "https://github.com/apple/swift-algorithms.git";
			requirement = {
				kind = upToNextMajorVersion;
				minimumVersion = 1.0.0;
			};
		};
/* End XCRemoteSwiftPackageReference section */

/* Begin XCSwiftPackageProductDependency section */
		DA65963927FAF91400D2B203 /* Chart */ = {
			isa = XCSwiftPackageProductDependency;
			package = DA65963827FAF91400D2B203 /* XCRemoteSwiftPackageReference "swiftui-extensions" */;
			productName = Chart;
		};
		DA65963B27FAF91400D2B203 /* Grid */ = {
			isa = XCSwiftPackageProductDependency;
			package = DA65963827FAF91400D2B203 /* XCRemoteSwiftPackageReference "swiftui-extensions" */;
			productName = Grid;
		};
		DA65963D27FAF91400D2B203 /* Shapes */ = {
			isa = XCSwiftPackageProductDependency;
			package = DA65963827FAF91400D2B203 /* XCRemoteSwiftPackageReference "swiftui-extensions" */;
			productName = Shapes;
		};
		DA65963F27FAF91400D2B203 /* Sliders */ = {
			isa = XCSwiftPackageProductDependency;
			package = DA65963827FAF91400D2B203 /* XCRemoteSwiftPackageReference "swiftui-extensions" */;
			productName = Sliders;
		};
		DA65964127FAF91400D2B203 /* SwiftUIExtensions */ = {
			isa = XCSwiftPackageProductDependency;
			package = DA65963827FAF91400D2B203 /* XCRemoteSwiftPackageReference "swiftui-extensions" */;
			productName = SwiftUIExtensions;
		};
		DA73EFB22BACD9B7000DE572 /* TelemetryClient */ = {
			isa = XCSwiftPackageProductDependency;
			package = DA73EFB12BACD9B7000DE572 /* XCRemoteSwiftPackageReference "SwiftClient" */;
			productName = TelemetryClient;
		};
		DACD6C8C27E2347200FC99ED /* Algorithms */ = {
			isa = XCSwiftPackageProductDependency;
			package = DACD6C8B27E2347200FC99ED /* XCRemoteSwiftPackageReference "swift-algorithms" */;
			productName = Algorithms;
		};
		DACD6C8E27E234BC00FC99ED /* Algorithms */ = {
			isa = XCSwiftPackageProductDependency;
			package = DACD6C8B27E2347200FC99ED /* XCRemoteSwiftPackageReference "swift-algorithms" */;
			productName = Algorithms;
		};
/* End XCSwiftPackageProductDependency section */
	};
	rootObject = DADA61E42673F43700E3CB14 /* Project object */;
}
