// !$*UTF8*$!
{
	archiveVersion = 1;
	classes = {
	};
	objectVersion = 54;
	objects = {

/* Begin PBXBuildFile section */
		DA190183271302B9008ADDA3 /* UserData.swift in Sources */ = {isa = PBXBuildFile; fileRef = DA190182271302B8008ADDA3 /* UserData.swift */; };
		DA27FE3A27D89CFC00BC5479 /* BackgroundManager.swift in Sources */ = {isa = PBXBuildFile; fileRef = DA27FE3927D89CFC00BC5479 /* BackgroundManager.swift */; };
		DA39021726B86323008F7483 /* Date+Extensions.swift in Sources */ = {isa = PBXBuildFile; fileRef = DA39021626B86323008F7483 /* Date+Extensions.swift */; };
		DA39021926B8709F008F7483 /* UVExtension.swift in Sources */ = {isa = PBXBuildFile; fileRef = DA39021826B8709F008F7483 /* UVExtension.swift */; };
		DA3BFDC22674082700AA391A /* isHidden+Extensions.swift in Sources */ = {isa = PBXBuildFile; fileRef = DA3BFDC12674082700AA391A /* isHidden+Extensions.swift */; };
		DA3BFDC426740A0200AA391A /* TimeSliderView.swift in Sources */ = {isa = PBXBuildFile; fileRef = DA3BFDC326740A0200AA391A /* TimeSliderView.swift */; };
		DA3BFDC626740E2100AA391A /* Color+Extensions.swift in Sources */ = {isa = PBXBuildFile; fileRef = DA3BFDC526740E2100AA391A /* Color+Extensions.swift */; };
		DA3BFDC82674228A00AA391A /* GradientText.swift in Sources */ = {isa = PBXBuildFile; fileRef = DA3BFDC72674228900AA391A /* GradientText.swift */; };
		DA3BFDCA2674261B00AA391A /* UV.swift in Sources */ = {isa = PBXBuildFile; fileRef = DA3BFDC92674261B00AA391A /* UV.swift */; };
		DA3BFDCC2674DADA00AA391A /* LocationManager.swift in Sources */ = {isa = PBXBuildFile; fileRef = DA3BFDCB2674DADA00AA391A /* LocationManager.swift */; };
		DA7EE3C127F1FD6F009DD239 /* CLPlacemark+Extensions.swift in Sources */ = {isa = PBXBuildFile; fileRef = DA7EE3C027F1FD6F009DD239 /* CLPlacemark+Extensions.swift */; };
		DA7EE3C227F1FEB0009DD239 /* CLPlacemark+Extensions.swift in Sources */ = {isa = PBXBuildFile; fileRef = DA7EE3C027F1FD6F009DD239 /* CLPlacemark+Extensions.swift */; };
		DA89954027D814B700083520 /* View+Extensions.swift in Sources */ = {isa = PBXBuildFile; fileRef = DA89953F27D814B700083520 /* View+Extensions.swift */; };
		DA89954127D814F900083520 /* View+Extensions.swift in Sources */ = {isa = PBXBuildFile; fileRef = DA89953F27D814B700083520 /* View+Extensions.swift */; };
		DA8C09B72675D198006165D1 /* InfoPlist.strings in Resources */ = {isa = PBXBuildFile; fileRef = DA8C09B92675D198006165D1 /* InfoPlist.strings */; };
		DA94742C26F4BAC4002BF649 /* LocationSheetView.swift in Sources */ = {isa = PBXBuildFile; fileRef = DA94742B26F4BAC4002BF649 /* LocationSheetView.swift */; };
		DAA1CEB62714140D0010F304 /* WidgetKit.framework in Frameworks */ = {isa = PBXBuildFile; fileRef = DACB846726753358008DD5FD /* WidgetKit.framework */; };
		DAA1CEB72714140D0010F304 /* SwiftUI.framework in Frameworks */ = {isa = PBXBuildFile; fileRef = DACB846926753358008DD5FD /* SwiftUI.framework */; };
		DAA1CEBA2714140D0010F304 /* Widget.swift in Sources */ = {isa = PBXBuildFile; fileRef = DAA1CEB92714140D0010F304 /* Widget.swift */; };
		DAA1CEBC271414120010F304 /* Assets.xcassets in Resources */ = {isa = PBXBuildFile; fileRef = DAA1CEBB271414120010F304 /* Assets.xcassets */; };
		DAA1CEC0271414120010F304 /* WidgetExtension.appex in Embed App Extensions */ = {isa = PBXBuildFile; fileRef = DAA1CEB52714140D0010F304 /* WidgetExtension.appex */; settings = {ATTRIBUTES = (RemoveHeadersOnCopy, ); }; };
		DAA1CEC4271414D00010F304 /* UV.swift in Sources */ = {isa = PBXBuildFile; fileRef = DA3BFDC92674261B00AA391A /* UV.swift */; };
		DAA1CEC5271415730010F304 /* LocationManager.swift in Sources */ = {isa = PBXBuildFile; fileRef = DA3BFDCB2674DADA00AA391A /* LocationManager.swift */; };
		DAA1CEC6271415EE0010F304 /* Coordinate.swift in Sources */ = {isa = PBXBuildFile; fileRef = DACB847F26754AB3008DD5FD /* Coordinate.swift */; };
		DAA1CEC7271416760010F304 /* APIClient.swift in Sources */ = {isa = PBXBuildFile; fileRef = DACB847C2675479E008DD5FD /* APIClient.swift */; };
		DAA1CEC82714167B0010F304 /* Weather.swift in Sources */ = {isa = PBXBuildFile; fileRef = DACB848326754B98008DD5FD /* Weather.swift */; };
		DAA1CEC9271416880010F304 /* GradientText.swift in Sources */ = {isa = PBXBuildFile; fileRef = DA3BFDC72674228900AA391A /* GradientText.swift */; };
		DAA1CECA271416E40010F304 /* Color+Extensions.swift in Sources */ = {isa = PBXBuildFile; fileRef = DA3BFDC526740E2100AA391A /* Color+Extensions.swift */; };
		DABD182527D8E7D800446DDE /* NotificationManager.swift in Sources */ = {isa = PBXBuildFile; fileRef = DABD182427D8E7D800446DDE /* NotificationManager.swift */; };
		DABD182727DF4DC600446DDE /* UserDefaults+Extensions.swift in Sources */ = {isa = PBXBuildFile; fileRef = DABD182627DF4DC600446DDE /* UserDefaults+Extensions.swift */; };
		DABD182827DFA71700446DDE /* Localizable.strings in Resources */ = {isa = PBXBuildFile; fileRef = DACB848E2675699F008DD5FD /* Localizable.strings */; };
		DACB847D2675479E008DD5FD /* APIClient.swift in Sources */ = {isa = PBXBuildFile; fileRef = DACB847C2675479E008DD5FD /* APIClient.swift */; };
		DACB848026754AB3008DD5FD /* Coordinate.swift in Sources */ = {isa = PBXBuildFile; fileRef = DACB847F26754AB3008DD5FD /* Coordinate.swift */; };
		DACB848426754B98008DD5FD /* Weather.swift in Sources */ = {isa = PBXBuildFile; fileRef = DACB848326754B98008DD5FD /* Weather.swift */; };
		DACB848B2675699F008DD5FD /* Localizable.strings in Resources */ = {isa = PBXBuildFile; fileRef = DACB848E2675699F008DD5FD /* Localizable.strings */; };
		DACD6C8D27E2347200FC99ED /* Algorithms in Frameworks */ = {isa = PBXBuildFile; productRef = DACD6C8C27E2347200FC99ED /* Algorithms */; };
		DACD6C8F27E234BC00FC99ED /* Algorithms in Frameworks */ = {isa = PBXBuildFile; productRef = DACD6C8E27E234BC00FC99ED /* Algorithms */; };
		DAD53BCF27D6755800D74EB9 /* DataModel.swift in Sources */ = {isa = PBXBuildFile; fileRef = DAD53BCE27D6755800D74EB9 /* DataModel.swift */; };
		DAD53BD127D67C0700D74EB9 /* LocationError.swift in Sources */ = {isa = PBXBuildFile; fileRef = DAD53BD027D67C0700D74EB9 /* LocationError.swift */; };
		DAD53BD327D79B2200D74EB9 /* WeatherManager.swift in Sources */ = {isa = PBXBuildFile; fileRef = DAD53BD227D79B2200D74EB9 /* WeatherManager.swift */; };
		DAD53BD427D7A31000D74EB9 /* DataModel.swift in Sources */ = {isa = PBXBuildFile; fileRef = DAD53BCE27D6755800D74EB9 /* DataModel.swift */; };
		DAD53BD527D7A3B500D74EB9 /* WeatherManager.swift in Sources */ = {isa = PBXBuildFile; fileRef = DAD53BD227D79B2200D74EB9 /* WeatherManager.swift */; };
		DAD53BD627D7A52A00D74EB9 /* LocationError.swift in Sources */ = {isa = PBXBuildFile; fileRef = DAD53BD027D67C0700D74EB9 /* LocationError.swift */; };
		DAD53BD727D7BA0E00D74EB9 /* UserData.swift in Sources */ = {isa = PBXBuildFile; fileRef = DA190182271302B8008ADDA3 /* UserData.swift */; };
		DAD53BD927D7E91300D74EB9 /* LocationSearchService.swift in Sources */ = {isa = PBXBuildFile; fileRef = DAD53BD827D7E91300D74EB9 /* LocationSearchService.swift */; };
		DAD53BDB27D7F2BE00D74EB9 /* InfoSheetView.swift in Sources */ = {isa = PBXBuildFile; fileRef = DAD53BDA27D7F2BE00D74EB9 /* InfoSheetView.swift */; };
		DADA61F02673F43700E3CB14 /* UV_IndexApp.swift in Sources */ = {isa = PBXBuildFile; fileRef = DADA61EF2673F43700E3CB14 /* UV_IndexApp.swift */; };
		DADA61F22673F43700E3CB14 /* ContentView.swift in Sources */ = {isa = PBXBuildFile; fileRef = DADA61F12673F43700E3CB14 /* ContentView.swift */; };
		DADA61F42673F43B00E3CB14 /* Assets.xcassets in Resources */ = {isa = PBXBuildFile; fileRef = DADA61F32673F43B00E3CB14 /* Assets.xcassets */; };
		DADA61F72673F43B00E3CB14 /* Preview Assets.xcassets in Resources */ = {isa = PBXBuildFile; fileRef = DADA61F62673F43B00E3CB14 /* Preview Assets.xcassets */; };
/* End PBXBuildFile section */

/* Begin PBXContainerItemProxy section */
		DAA1CEBE271414120010F304 /* PBXContainerItemProxy */ = {
			isa = PBXContainerItemProxy;
			containerPortal = DADA61E42673F43700E3CB14 /* Project object */;
			proxyType = 1;
			remoteGlobalIDString = DAA1CEB42714140D0010F304;
			remoteInfo = WidgetExtension;
		};
/* End PBXContainerItemProxy section */

/* Begin PBXCopyFilesBuildPhase section */
		DACB84742675335D008DD5FD /* Embed App Extensions */ = {
			isa = PBXCopyFilesBuildPhase;
			buildActionMask = 2147483647;
			dstPath = "";
			dstSubfolderSpec = 13;
			files = (
				DAA1CEC0271414120010F304 /* WidgetExtension.appex in Embed App Extensions */,
			);
			name = "Embed App Extensions";
			runOnlyForDeploymentPostprocessing = 0;
		};
/* End PBXCopyFilesBuildPhase section */

/* Begin PBXFileReference section */
		DA190182271302B8008ADDA3 /* UserData.swift */ = {isa = PBXFileReference; lastKnownFileType = sourcecode.swift; path = UserData.swift; sourceTree = "<group>"; };
		DA27FE3927D89CFC00BC5479 /* BackgroundManager.swift */ = {isa = PBXFileReference; lastKnownFileType = sourcecode.swift; path = BackgroundManager.swift; sourceTree = "<group>"; };
		DA39021626B86323008F7483 /* Date+Extensions.swift */ = {isa = PBXFileReference; lastKnownFileType = sourcecode.swift; path = "Date+Extensions.swift"; sourceTree = "<group>"; };
		DA39021826B8709F008F7483 /* UVExtension.swift */ = {isa = PBXFileReference; lastKnownFileType = sourcecode.swift; path = UVExtension.swift; sourceTree = "<group>"; };
		DA3BFDC12674082700AA391A /* isHidden+Extensions.swift */ = {isa = PBXFileReference; lastKnownFileType = sourcecode.swift; path = "isHidden+Extensions.swift"; sourceTree = "<group>"; };
		DA3BFDC326740A0200AA391A /* TimeSliderView.swift */ = {isa = PBXFileReference; lastKnownFileType = sourcecode.swift; path = TimeSliderView.swift; sourceTree = "<group>"; };
		DA3BFDC526740E2100AA391A /* Color+Extensions.swift */ = {isa = PBXFileReference; lastKnownFileType = sourcecode.swift; path = "Color+Extensions.swift"; sourceTree = "<group>"; };
		DA3BFDC72674228900AA391A /* GradientText.swift */ = {isa = PBXFileReference; lastKnownFileType = sourcecode.swift; path = GradientText.swift; sourceTree = "<group>"; };
		DA3BFDC92674261B00AA391A /* UV.swift */ = {isa = PBXFileReference; lastKnownFileType = sourcecode.swift; path = UV.swift; sourceTree = "<group>"; };
		DA3BFDCB2674DADA00AA391A /* LocationManager.swift */ = {isa = PBXFileReference; lastKnownFileType = sourcecode.swift; path = LocationManager.swift; sourceTree = "<group>"; };
		DA7EE3C027F1FD6F009DD239 /* CLPlacemark+Extensions.swift */ = {isa = PBXFileReference; lastKnownFileType = sourcecode.swift; path = "CLPlacemark+Extensions.swift"; sourceTree = "<group>"; };
		DA89953F27D814B700083520 /* View+Extensions.swift */ = {isa = PBXFileReference; lastKnownFileType = sourcecode.swift; path = "View+Extensions.swift"; sourceTree = "<group>"; };
		DA8C09B82675D198006165D1 /* en */ = {isa = PBXFileReference; lastKnownFileType = text.plist.strings; name = en; path = en.lproj/InfoPlist.strings; sourceTree = "<group>"; };
		DA8C09BA2675D19A006165D1 /* sv */ = {isa = PBXFileReference; lastKnownFileType = text.plist.strings; name = sv; path = sv.lproj/InfoPlist.strings; sourceTree = "<group>"; };
		DA94742B26F4BAC4002BF649 /* LocationSheetView.swift */ = {isa = PBXFileReference; lastKnownFileType = sourcecode.swift; path = LocationSheetView.swift; sourceTree = "<group>"; };
		DAA1CEB52714140D0010F304 /* WidgetExtension.appex */ = {isa = PBXFileReference; explicitFileType = "wrapper.app-extension"; includeInIndex = 0; path = WidgetExtension.appex; sourceTree = BUILT_PRODUCTS_DIR; };
		DAA1CEB92714140D0010F304 /* Widget.swift */ = {isa = PBXFileReference; lastKnownFileType = sourcecode.swift; path = Widget.swift; sourceTree = "<group>"; };
		DAA1CEBB271414120010F304 /* Assets.xcassets */ = {isa = PBXFileReference; lastKnownFileType = folder.assetcatalog; path = Assets.xcassets; sourceTree = "<group>"; };
		DAA1CEBD271414120010F304 /* Info.plist */ = {isa = PBXFileReference; lastKnownFileType = text.plist.xml; path = Info.plist; sourceTree = "<group>"; };
		DABD182427D8E7D800446DDE /* NotificationManager.swift */ = {isa = PBXFileReference; lastKnownFileType = sourcecode.swift; path = NotificationManager.swift; sourceTree = "<group>"; };
		DABD182627DF4DC600446DDE /* UserDefaults+Extensions.swift */ = {isa = PBXFileReference; lastKnownFileType = sourcecode.swift; path = "UserDefaults+Extensions.swift"; sourceTree = "<group>"; };
		DACB846726753358008DD5FD /* WidgetKit.framework */ = {isa = PBXFileReference; lastKnownFileType = wrapper.framework; name = WidgetKit.framework; path = System/Library/Frameworks/WidgetKit.framework; sourceTree = SDKROOT; };
		DACB846926753358008DD5FD /* SwiftUI.framework */ = {isa = PBXFileReference; lastKnownFileType = wrapper.framework; name = SwiftUI.framework; path = System/Library/Frameworks/SwiftUI.framework; sourceTree = SDKROOT; };
		DACB847C2675479E008DD5FD /* APIClient.swift */ = {isa = PBXFileReference; lastKnownFileType = sourcecode.swift; path = APIClient.swift; sourceTree = "<group>"; };
		DACB847F26754AB3008DD5FD /* Coordinate.swift */ = {isa = PBXFileReference; lastKnownFileType = sourcecode.swift; path = Coordinate.swift; sourceTree = "<group>"; };
		DACB848326754B98008DD5FD /* Weather.swift */ = {isa = PBXFileReference; lastKnownFileType = sourcecode.swift; path = Weather.swift; sourceTree = "<group>"; };
		DACB848D2675699F008DD5FD /* en */ = {isa = PBXFileReference; lastKnownFileType = text.plist.strings; name = en; path = en.lproj/Localizable.strings; sourceTree = "<group>"; };
		DACB848F267569A2008DD5FD /* sv */ = {isa = PBXFileReference; lastKnownFileType = text.plist.strings; name = sv; path = sv.lproj/Localizable.strings; sourceTree = "<group>"; };
		DAD53BCE27D6755800D74EB9 /* DataModel.swift */ = {isa = PBXFileReference; lastKnownFileType = sourcecode.swift; path = DataModel.swift; sourceTree = "<group>"; };
		DAD53BD027D67C0700D74EB9 /* LocationError.swift */ = {isa = PBXFileReference; lastKnownFileType = sourcecode.swift; path = LocationError.swift; sourceTree = "<group>"; };
		DAD53BD227D79B2200D74EB9 /* WeatherManager.swift */ = {isa = PBXFileReference; lastKnownFileType = sourcecode.swift; path = WeatherManager.swift; sourceTree = "<group>"; };
		DAD53BD827D7E91300D74EB9 /* LocationSearchService.swift */ = {isa = PBXFileReference; lastKnownFileType = sourcecode.swift; path = LocationSearchService.swift; sourceTree = "<group>"; };
		DAD53BDA27D7F2BE00D74EB9 /* InfoSheetView.swift */ = {isa = PBXFileReference; lastKnownFileType = sourcecode.swift; path = InfoSheetView.swift; sourceTree = "<group>"; };
		DADA61EC2673F43700E3CB14 /* UV Index.app */ = {isa = PBXFileReference; explicitFileType = wrapper.application; includeInIndex = 0; path = "UV Index.app"; sourceTree = BUILT_PRODUCTS_DIR; };
		DADA61EF2673F43700E3CB14 /* UV_IndexApp.swift */ = {isa = PBXFileReference; lastKnownFileType = sourcecode.swift; path = UV_IndexApp.swift; sourceTree = "<group>"; };
		DADA61F12673F43700E3CB14 /* ContentView.swift */ = {isa = PBXFileReference; lastKnownFileType = sourcecode.swift; path = ContentView.swift; sourceTree = "<group>"; };
		DADA61F32673F43B00E3CB14 /* Assets.xcassets */ = {isa = PBXFileReference; lastKnownFileType = folder.assetcatalog; path = Assets.xcassets; sourceTree = "<group>"; };
		DADA61F62673F43B00E3CB14 /* Preview Assets.xcassets */ = {isa = PBXFileReference; lastKnownFileType = folder.assetcatalog; path = "Preview Assets.xcassets"; sourceTree = "<group>"; };
/* End PBXFileReference section */

/* Begin PBXFrameworksBuildPhase section */
		DAA1CEB22714140D0010F304 /* Frameworks */ = {
			isa = PBXFrameworksBuildPhase;
			buildActionMask = 2147483647;
			files = (
				DACD6C8F27E234BC00FC99ED /* Algorithms in Frameworks */,
				DAA1CEB72714140D0010F304 /* SwiftUI.framework in Frameworks */,
				DAA1CEB62714140D0010F304 /* WidgetKit.framework in Frameworks */,
			);
			runOnlyForDeploymentPostprocessing = 0;
		};
		DADA61E92673F43700E3CB14 /* Frameworks */ = {
			isa = PBXFrameworksBuildPhase;
			buildActionMask = 2147483647;
			files = (
				DACD6C8D27E2347200FC99ED /* Algorithms in Frameworks */,
			);
			runOnlyForDeploymentPostprocessing = 0;
		};
/* End PBXFrameworksBuildPhase section */

/* Begin PBXGroup section */
		DA3BFDC02674081600AA391A /* Extensions */ = {
			isa = PBXGroup;
			children = (
				DA3BFDC12674082700AA391A /* isHidden+Extensions.swift */,
				DA3BFDC526740E2100AA391A /* Color+Extensions.swift */,
				DABD182627DF4DC600446DDE /* UserDefaults+Extensions.swift */,
				DA39021626B86323008F7483 /* Date+Extensions.swift */,
				DA89953F27D814B700083520 /* View+Extensions.swift */,
				DA7EE3C027F1FD6F009DD239 /* CLPlacemark+Extensions.swift */,
			);
			path = Extensions;
			sourceTree = "<group>";
		};
		DAA1CEB82714140D0010F304 /* Widget */ = {
			isa = PBXGroup;
			children = (
				DAA1CEB92714140D0010F304 /* Widget.swift */,
				DAA1CEBB271414120010F304 /* Assets.xcassets */,
				DAA1CEBD271414120010F304 /* Info.plist */,
			);
			path = Widget;
			sourceTree = "<group>";
		};
		DACB846626753358008DD5FD /* Frameworks */ = {
			isa = PBXGroup;
			children = (
				DACB846726753358008DD5FD /* WidgetKit.framework */,
				DACB846926753358008DD5FD /* SwiftUI.framework */,
			);
			name = Frameworks;
			sourceTree = "<group>";
		};
		DACB847E26754AAA008DD5FD /* Model */ = {
			isa = PBXGroup;
			children = (
				DA3BFDCB2674DADA00AA391A /* LocationManager.swift */,
				DAD53BD227D79B2200D74EB9 /* WeatherManager.swift */,
				DAD53BD827D7E91300D74EB9 /* LocationSearchService.swift */,
				DABD182427D8E7D800446DDE /* NotificationManager.swift */,
				DA27FE3927D89CFC00BC5479 /* BackgroundManager.swift */,
				DA3BFDC92674261B00AA391A /* UV.swift */,
				DACB847F26754AB3008DD5FD /* Coordinate.swift */,
				DACB848526754BBA008DD5FD /* API */,
				DAD53BCE27D6755800D74EB9 /* DataModel.swift */,
				DAD53BD027D67C0700D74EB9 /* LocationError.swift */,
			);
			path = Model;
			sourceTree = "<group>";
		};
		DACB848526754BBA008DD5FD /* API */ = {
			isa = PBXGroup;
			children = (
				DACB847C2675479E008DD5FD /* APIClient.swift */,
				DACB848326754B98008DD5FD /* Weather.swift */,
			);
			path = API;
			sourceTree = "<group>";
		};
		DADA61E32673F43700E3CB14 = {
			isa = PBXGroup;
			children = (
				DA8C09B92675D198006165D1 /* InfoPlist.strings */,
				DACB848E2675699F008DD5FD /* Localizable.strings */,
				DADA61EE2673F43700E3CB14 /* UV Index */,
				DAA1CEB82714140D0010F304 /* Widget */,
				DACB846626753358008DD5FD /* Frameworks */,
				DADA61ED2673F43700E3CB14 /* Products */,
			);
			sourceTree = "<group>";
		};
		DADA61ED2673F43700E3CB14 /* Products */ = {
			isa = PBXGroup;
			children = (
				DADA61EC2673F43700E3CB14 /* UV Index.app */,
				DAA1CEB52714140D0010F304 /* WidgetExtension.appex */,
			);
			name = Products;
			sourceTree = "<group>";
		};
		DADA61EE2673F43700E3CB14 /* UV Index */ = {
			isa = PBXGroup;
			children = (
				DADA61EF2673F43700E3CB14 /* UV_IndexApp.swift */,
				DADA61F12673F43700E3CB14 /* ContentView.swift */,
				DA190182271302B8008ADDA3 /* UserData.swift */,
				DA94742B26F4BAC4002BF649 /* LocationSheetView.swift */,
				DAD53BDA27D7F2BE00D74EB9 /* InfoSheetView.swift */,
				DA3BFDC326740A0200AA391A /* TimeSliderView.swift */,
				DACB847E26754AAA008DD5FD /* Model */,
				DA3BFDC72674228900AA391A /* GradientText.swift */,
				DA3BFDC02674081600AA391A /* Extensions */,
				DADA61F32673F43B00E3CB14 /* Assets.xcassets */,
				DADA61F52673F43B00E3CB14 /* Preview Content */,
			);
			path = "UV Index";
			sourceTree = "<group>";
		};
		DADA61F52673F43B00E3CB14 /* Preview Content */ = {
			isa = PBXGroup;
			children = (
				DADA61F62673F43B00E3CB14 /* Preview Assets.xcassets */,
				DA39021826B8709F008F7483 /* UVExtension.swift */,
			);
			path = "Preview Content";
			sourceTree = "<group>";
		};
/* End PBXGroup section */

/* Begin PBXNativeTarget section */
		DAA1CEB42714140D0010F304 /* WidgetExtension */ = {
			isa = PBXNativeTarget;
			buildConfigurationList = DAA1CEC3271414120010F304 /* Build configuration list for PBXNativeTarget "WidgetExtension" */;
			buildPhases = (
				DAA1CEB12714140D0010F304 /* Sources */,
				DAA1CEB22714140D0010F304 /* Frameworks */,
				DAA1CEB32714140D0010F304 /* Resources */,
			);
			buildRules = (
			);
			dependencies = (
			);
			name = WidgetExtension;
			packageProductDependencies = (
				DACD6C8E27E234BC00FC99ED /* Algorithms */,
			);
			productName = WidgetExtension;
			productReference = DAA1CEB52714140D0010F304 /* WidgetExtension.appex */;
			productType = "com.apple.product-type.app-extension";
		};
		DADA61EB2673F43700E3CB14 /* UV Index */ = {
			isa = PBXNativeTarget;
			buildConfigurationList = DADA61FF2673F43B00E3CB14 /* Build configuration list for PBXNativeTarget "UV Index" */;
			buildPhases = (
				DADA61E82673F43700E3CB14 /* Sources */,
				DADA61E92673F43700E3CB14 /* Frameworks */,
				DADA61EA2673F43700E3CB14 /* Resources */,
				DACB84742675335D008DD5FD /* Embed App Extensions */,
			);
			buildRules = (
			);
			dependencies = (
				DAA1CEBF271414120010F304 /* PBXTargetDependency */,
			);
			name = "UV Index";
			packageProductDependencies = (
				DACD6C8C27E2347200FC99ED /* Algorithms */,
			);
			productName = "UV Index";
			productReference = DADA61EC2673F43700E3CB14 /* UV Index.app */;
			productType = "com.apple.product-type.application";
		};
/* End PBXNativeTarget section */

/* Begin PBXProject section */
		DADA61E42673F43700E3CB14 /* Project object */ = {
			isa = PBXProject;
			attributes = {
				BuildIndependentTargetsInParallel = 1;
				LastSwiftUpdateCheck = 1300;
				LastUpgradeCheck = 1320;
				TargetAttributes = {
					DAA1CEB42714140D0010F304 = {
						CreatedOnToolsVersion = 13.0;
					};
					DADA61EB2673F43700E3CB14 = {
						CreatedOnToolsVersion = 13.0;
					};
				};
			};
			buildConfigurationList = DADA61E72673F43700E3CB14 /* Build configuration list for PBXProject "UV Index" */;
			compatibilityVersion = "Xcode 12.0";
			developmentRegion = en;
			hasScannedForEncodings = 0;
			knownRegions = (
				en,
				sv,
				Base,
			);
			mainGroup = DADA61E32673F43700E3CB14;
			packageReferences = (
				DACD6C8B27E2347200FC99ED /* XCRemoteSwiftPackageReference "swift-algorithms" */,
			);
			productRefGroup = DADA61ED2673F43700E3CB14 /* Products */;
			projectDirPath = "";
			projectRoot = "";
			targets = (
				DADA61EB2673F43700E3CB14 /* UV Index */,
				DAA1CEB42714140D0010F304 /* WidgetExtension */,
			);
		};
/* End PBXProject section */

/* Begin PBXResourcesBuildPhase section */
		DAA1CEB32714140D0010F304 /* Resources */ = {
			isa = PBXResourcesBuildPhase;
			buildActionMask = 2147483647;
			files = (
				DAA1CEBC271414120010F304 /* Assets.xcassets in Resources */,
				DABD182827DFA71700446DDE /* Localizable.strings in Resources */,
			);
			runOnlyForDeploymentPostprocessing = 0;
		};
		DADA61EA2673F43700E3CB14 /* Resources */ = {
			isa = PBXResourcesBuildPhase;
			buildActionMask = 2147483647;
			files = (
				DADA61F72673F43B00E3CB14 /* Preview Assets.xcassets in Resources */,
				DA8C09B72675D198006165D1 /* InfoPlist.strings in Resources */,
				DACB848B2675699F008DD5FD /* Localizable.strings in Resources */,
				DADA61F42673F43B00E3CB14 /* Assets.xcassets in Resources */,
			);
			runOnlyForDeploymentPostprocessing = 0;
		};
/* End PBXResourcesBuildPhase section */

/* Begin PBXSourcesBuildPhase section */
		DAA1CEB12714140D0010F304 /* Sources */ = {
			isa = PBXSourcesBuildPhase;
			buildActionMask = 2147483647;
			files = (
				DAA1CEC5271415730010F304 /* LocationManager.swift in Sources */,
				DAA1CEC9271416880010F304 /* GradientText.swift in Sources */,
				DAD53BD627D7A52A00D74EB9 /* LocationError.swift in Sources */,
				DAD53BD527D7A3B500D74EB9 /* WeatherManager.swift in Sources */,
				DAA1CEC4271414D00010F304 /* UV.swift in Sources */,
				DAA1CEBA2714140D0010F304 /* Widget.swift in Sources */,
				DAD53BD727D7BA0E00D74EB9 /* UserData.swift in Sources */,
				DA7EE3C227F1FEB0009DD239 /* CLPlacemark+Extensions.swift in Sources */,
				DAA1CEC7271416760010F304 /* APIClient.swift in Sources */,
				DAA1CECA271416E40010F304 /* Color+Extensions.swift in Sources */,
				DA89954127D814F900083520 /* View+Extensions.swift in Sources */,
				DAA1CEC82714167B0010F304 /* Weather.swift in Sources */,
				DAA1CEC6271415EE0010F304 /* Coordinate.swift in Sources */,
				DAD53BD427D7A31000D74EB9 /* DataModel.swift in Sources */,
			);
			runOnlyForDeploymentPostprocessing = 0;
		};
		DADA61E82673F43700E3CB14 /* Sources */ = {
			isa = PBXSourcesBuildPhase;
			buildActionMask = 2147483647;
			files = (
				DA3BFDCC2674DADA00AA391A /* LocationManager.swift in Sources */,
				DA3BFDC426740A0200AA391A /* TimeSliderView.swift in Sources */,
				DADA61F22673F43700E3CB14 /* ContentView.swift in Sources */,
				DA190183271302B9008ADDA3 /* UserData.swift in Sources */,
				DAD53BD127D67C0700D74EB9 /* LocationError.swift in Sources */,
				DA3BFDC82674228A00AA391A /* GradientText.swift in Sources */,
				DA7EE3C127F1FD6F009DD239 /* CLPlacemark+Extensions.swift in Sources */,
				DAD53BDB27D7F2BE00D74EB9 /* InfoSheetView.swift in Sources */,
				DAD53BD327D79B2200D74EB9 /* WeatherManager.swift in Sources */,
				DAD53BCF27D6755800D74EB9 /* DataModel.swift in Sources */,
				DACB848426754B98008DD5FD /* Weather.swift in Sources */,
				DABD182727DF4DC600446DDE /* UserDefaults+Extensions.swift in Sources */,
				DA89954027D814B700083520 /* View+Extensions.swift in Sources */,
				DA94742C26F4BAC4002BF649 /* LocationSheetView.swift in Sources */,
				DA3BFDC22674082700AA391A /* isHidden+Extensions.swift in Sources */,
				DA3BFDC626740E2100AA391A /* Color+Extensions.swift in Sources */,
				DA39021726B86323008F7483 /* Date+Extensions.swift in Sources */,
				DA27FE3A27D89CFC00BC5479 /* BackgroundManager.swift in Sources */,
				DADA61F02673F43700E3CB14 /* UV_IndexApp.swift in Sources */,
				DA39021926B8709F008F7483 /* UVExtension.swift in Sources */,
				DAD53BD927D7E91300D74EB9 /* LocationSearchService.swift in Sources */,
				DA3BFDCA2674261B00AA391A /* UV.swift in Sources */,
				DACB847D2675479E008DD5FD /* APIClient.swift in Sources */,
				DACB848026754AB3008DD5FD /* Coordinate.swift in Sources */,
				DABD182527D8E7D800446DDE /* NotificationManager.swift in Sources */,
			);
			runOnlyForDeploymentPostprocessing = 0;
		};
/* End PBXSourcesBuildPhase section */

/* Begin PBXTargetDependency section */
		DAA1CEBF271414120010F304 /* PBXTargetDependency */ = {
			isa = PBXTargetDependency;
			target = DAA1CEB42714140D0010F304 /* WidgetExtension */;
			targetProxy = DAA1CEBE271414120010F304 /* PBXContainerItemProxy */;
		};
/* End PBXTargetDependency section */

/* Begin PBXVariantGroup section */
		DA8C09B92675D198006165D1 /* InfoPlist.strings */ = {
			isa = PBXVariantGroup;
			children = (
				DA8C09B82675D198006165D1 /* en */,
				DA8C09BA2675D19A006165D1 /* sv */,
			);
			name = InfoPlist.strings;
			sourceTree = "<group>";
		};
		DACB848E2675699F008DD5FD /* Localizable.strings */ = {
			isa = PBXVariantGroup;
			children = (
				DACB848D2675699F008DD5FD /* en */,
				DACB848F267569A2008DD5FD /* sv */,
			);
			name = Localizable.strings;
			sourceTree = "<group>";
		};
/* End PBXVariantGroup section */

/* Begin XCBuildConfiguration section */
		DAA1CEC1271414120010F304 /* Debug */ = {
			isa = XCBuildConfiguration;
			buildSettings = {
				ASSETCATALOG_COMPILER_GLOBAL_ACCENT_COLOR_NAME = AccentColor;
				ASSETCATALOG_COMPILER_WIDGET_BACKGROUND_COLOR_NAME = WidgetBackground;
				CLANG_CXX_LANGUAGE_STANDARD = "gnu++17";
				CODE_SIGN_STYLE = Automatic;
				CURRENT_PROJECT_VERSION = 4;
				DEVELOPMENT_TEAM = 8APFUFV53Q;
				GENERATE_INFOPLIST_FILE = YES;
				INFOPLIST_FILE = Widget/Info.plist;
				INFOPLIST_KEY_CFBundleDisplayName = Widget;
				INFOPLIST_KEY_NSHumanReadableCopyright = "";
				LD_RUNPATH_SEARCH_PATHS = (
					"$(inherited)",
					"@executable_path/Frameworks",
					"@executable_path/../../Frameworks",
				);
				MARKETING_VERSION = 1.0;
				PRODUCT_BUNDLE_IDENTIFIER = "com.magnusburton.UV-Index.Widget";
				PRODUCT_NAME = "$(TARGET_NAME)";
				SKIP_INSTALL = YES;
				SWIFT_EMIT_LOC_STRINGS = YES;
				SWIFT_VERSION = 5.0;
				TARGETED_DEVICE_FAMILY = 1;
			};
			name = Debug;
		};
		DAA1CEC2271414120010F304 /* Release */ = {
			isa = XCBuildConfiguration;
			buildSettings = {
				ASSETCATALOG_COMPILER_GLOBAL_ACCENT_COLOR_NAME = AccentColor;
				ASSETCATALOG_COMPILER_WIDGET_BACKGROUND_COLOR_NAME = WidgetBackground;
				CLANG_CXX_LANGUAGE_STANDARD = "gnu++17";
				CODE_SIGN_STYLE = Automatic;
				CURRENT_PROJECT_VERSION = 4;
				DEVELOPMENT_TEAM = 8APFUFV53Q;
				GENERATE_INFOPLIST_FILE = YES;
				INFOPLIST_FILE = Widget/Info.plist;
				INFOPLIST_KEY_CFBundleDisplayName = Widget;
				INFOPLIST_KEY_NSHumanReadableCopyright = "";
				LD_RUNPATH_SEARCH_PATHS = (
					"$(inherited)",
					"@executable_path/Frameworks",
					"@executable_path/../../Frameworks",
				);
				MARKETING_VERSION = 1.0;
				PRODUCT_BUNDLE_IDENTIFIER = "com.magnusburton.UV-Index.Widget";
				PRODUCT_NAME = "$(TARGET_NAME)";
				SKIP_INSTALL = YES;
				SWIFT_EMIT_LOC_STRINGS = YES;
				SWIFT_VERSION = 5.0;
				TARGETED_DEVICE_FAMILY = 1;
			};
			name = Release;
		};
		DADA61FD2673F43B00E3CB14 /* Debug */ = {
			isa = XCBuildConfiguration;
			buildSettings = {
				ALWAYS_SEARCH_USER_PATHS = NO;
				CLANG_ANALYZER_LOCALIZABILITY_NONLOCALIZED = YES;
				CLANG_ANALYZER_NONNULL = YES;
				CLANG_ANALYZER_NUMBER_OBJECT_CONVERSION = YES_AGGRESSIVE;
				CLANG_CXX_LANGUAGE_STANDARD = "gnu++14";
				CLANG_CXX_LIBRARY = "libc++";
				CLANG_ENABLE_MODULES = YES;
				CLANG_ENABLE_OBJC_ARC = YES;
				CLANG_ENABLE_OBJC_WEAK = YES;
				CLANG_WARN_BLOCK_CAPTURE_AUTORELEASING = YES;
				CLANG_WARN_BOOL_CONVERSION = YES;
				CLANG_WARN_COMMA = YES;
				CLANG_WARN_CONSTANT_CONVERSION = YES;
				CLANG_WARN_DEPRECATED_OBJC_IMPLEMENTATIONS = YES;
				CLANG_WARN_DIRECT_OBJC_ISA_USAGE = YES_ERROR;
				CLANG_WARN_DOCUMENTATION_COMMENTS = YES;
				CLANG_WARN_EMPTY_BODY = YES;
				CLANG_WARN_ENUM_CONVERSION = YES;
				CLANG_WARN_INFINITE_RECURSION = YES;
				CLANG_WARN_INT_CONVERSION = YES;
				CLANG_WARN_NON_LITERAL_NULL_CONVERSION = YES;
				CLANG_WARN_OBJC_IMPLICIT_RETAIN_SELF = YES;
				CLANG_WARN_OBJC_LITERAL_CONVERSION = YES;
				CLANG_WARN_OBJC_ROOT_CLASS = YES_ERROR;
				CLANG_WARN_QUOTED_INCLUDE_IN_FRAMEWORK_HEADER = YES;
				CLANG_WARN_RANGE_LOOP_ANALYSIS = YES;
				CLANG_WARN_STRICT_PROTOTYPES = YES;
				CLANG_WARN_SUSPICIOUS_MOVE = YES;
				CLANG_WARN_UNGUARDED_AVAILABILITY = YES_AGGRESSIVE;
				CLANG_WARN_UNREACHABLE_CODE = YES;
				CLANG_WARN__DUPLICATE_METHOD_MATCH = YES;
				COPY_PHASE_STRIP = NO;
				DEBUG_INFORMATION_FORMAT = dwarf;
				ENABLE_STRICT_OBJC_MSGSEND = YES;
				ENABLE_TESTABILITY = YES;
				GCC_C_LANGUAGE_STANDARD = gnu11;
				GCC_DYNAMIC_NO_PIC = NO;
				GCC_NO_COMMON_BLOCKS = YES;
				GCC_OPTIMIZATION_LEVEL = 0;
				GCC_PREPROCESSOR_DEFINITIONS = (
					"DEBUG=1",
					"$(inherited)",
				);
				GCC_WARN_64_TO_32_BIT_CONVERSION = YES;
				GCC_WARN_ABOUT_RETURN_TYPE = YES_ERROR;
				GCC_WARN_UNDECLARED_SELECTOR = YES;
				GCC_WARN_UNINITIALIZED_AUTOS = YES_AGGRESSIVE;
				GCC_WARN_UNUSED_FUNCTION = YES;
				GCC_WARN_UNUSED_VARIABLE = YES;
				IPHONEOS_DEPLOYMENT_TARGET = 15.0;
				MTL_ENABLE_DEBUG_INFO = INCLUDE_SOURCE;
				MTL_FAST_MATH = YES;
				ONLY_ACTIVE_ARCH = YES;
				SDKROOT = iphoneos;
				SWIFT_ACTIVE_COMPILATION_CONDITIONS = DEBUG;
				SWIFT_OPTIMIZATION_LEVEL = "-Onone";
			};
			name = Debug;
		};
		DADA61FE2673F43B00E3CB14 /* Release */ = {
			isa = XCBuildConfiguration;
			buildSettings = {
				ALWAYS_SEARCH_USER_PATHS = NO;
				CLANG_ANALYZER_LOCALIZABILITY_NONLOCALIZED = YES;
				CLANG_ANALYZER_NONNULL = YES;
				CLANG_ANALYZER_NUMBER_OBJECT_CONVERSION = YES_AGGRESSIVE;
				CLANG_CXX_LANGUAGE_STANDARD = "gnu++14";
				CLANG_CXX_LIBRARY = "libc++";
				CLANG_ENABLE_MODULES = YES;
				CLANG_ENABLE_OBJC_ARC = YES;
				CLANG_ENABLE_OBJC_WEAK = YES;
				CLANG_WARN_BLOCK_CAPTURE_AUTORELEASING = YES;
				CLANG_WARN_BOOL_CONVERSION = YES;
				CLANG_WARN_COMMA = YES;
				CLANG_WARN_CONSTANT_CONVERSION = YES;
				CLANG_WARN_DEPRECATED_OBJC_IMPLEMENTATIONS = YES;
				CLANG_WARN_DIRECT_OBJC_ISA_USAGE = YES_ERROR;
				CLANG_WARN_DOCUMENTATION_COMMENTS = YES;
				CLANG_WARN_EMPTY_BODY = YES;
				CLANG_WARN_ENUM_CONVERSION = YES;
				CLANG_WARN_INFINITE_RECURSION = YES;
				CLANG_WARN_INT_CONVERSION = YES;
				CLANG_WARN_NON_LITERAL_NULL_CONVERSION = YES;
				CLANG_WARN_OBJC_IMPLICIT_RETAIN_SELF = YES;
				CLANG_WARN_OBJC_LITERAL_CONVERSION = YES;
				CLANG_WARN_OBJC_ROOT_CLASS = YES_ERROR;
				CLANG_WARN_QUOTED_INCLUDE_IN_FRAMEWORK_HEADER = YES;
				CLANG_WARN_RANGE_LOOP_ANALYSIS = YES;
				CLANG_WARN_STRICT_PROTOTYPES = YES;
				CLANG_WARN_SUSPICIOUS_MOVE = YES;
				CLANG_WARN_UNGUARDED_AVAILABILITY = YES_AGGRESSIVE;
				CLANG_WARN_UNREACHABLE_CODE = YES;
				CLANG_WARN__DUPLICATE_METHOD_MATCH = YES;
				COPY_PHASE_STRIP = NO;
				DEBUG_INFORMATION_FORMAT = "dwarf-with-dsym";
				ENABLE_NS_ASSERTIONS = NO;
				ENABLE_STRICT_OBJC_MSGSEND = YES;
				GCC_C_LANGUAGE_STANDARD = gnu11;
				GCC_NO_COMMON_BLOCKS = YES;
				GCC_WARN_64_TO_32_BIT_CONVERSION = YES;
				GCC_WARN_ABOUT_RETURN_TYPE = YES_ERROR;
				GCC_WARN_UNDECLARED_SELECTOR = YES;
				GCC_WARN_UNINITIALIZED_AUTOS = YES_AGGRESSIVE;
				GCC_WARN_UNUSED_FUNCTION = YES;
				GCC_WARN_UNUSED_VARIABLE = YES;
				IPHONEOS_DEPLOYMENT_TARGET = 15.0;
				MTL_ENABLE_DEBUG_INFO = NO;
				MTL_FAST_MATH = YES;
				SDKROOT = iphoneos;
				SWIFT_COMPILATION_MODE = wholemodule;
				SWIFT_OPTIMIZATION_LEVEL = "-O";
				VALIDATE_PRODUCT = YES;
			};
			name = Release;
		};
		DADA62002673F43B00E3CB14 /* Debug */ = {
			isa = XCBuildConfiguration;
			buildSettings = {
				ALWAYS_EMBED_SWIFT_STANDARD_LIBRARIES = YES;
				ASSETCATALOG_COMPILER_APPICON_NAME = AppIcon;
				ASSETCATALOG_COMPILER_GLOBAL_ACCENT_COLOR_NAME = AccentColor;
				CODE_SIGN_STYLE = Automatic;
				CURRENT_PROJECT_VERSION = 4;
				DEVELOPMENT_ASSET_PATHS = "\"UV Index/Preview Content\"";
				DEVELOPMENT_TEAM = 8APFUFV53Q;
				ENABLE_PREVIEWS = YES;
				GENERATE_INFOPLIST_FILE = YES;
				INFOPLIST_FILE = "UV-Index-Info.plist";
				INFOPLIST_KEY_CFBundleExecutable = "UV Index";
				INFOPLIST_KEY_CFBundleName = "UV Index";
				INFOPLIST_KEY_CFBundleVersion = 1;
				INFOPLIST_KEY_NSLocationWhenInUseUsageDescription = "Location is needed to fetch the current UV index at your location.";
				INFOPLIST_KEY_UIApplicationSceneManifest_Generation = YES;
				INFOPLIST_KEY_UIApplicationSupportsIndirectInputEvents = YES;
				INFOPLIST_KEY_UILaunchScreen_Generation = YES;
				INFOPLIST_KEY_UIRequiredDeviceCapabilities = "location-services gps";
				INFOPLIST_KEY_UISupportedInterfaceOrientations = UIInterfaceOrientationPortrait;
				INFOPLIST_KEY_UISupportedInterfaceOrientations_iPad = UIInterfaceOrientationPortrait;
				INFOPLIST_KEY_UISupportedInterfaceOrientations_iPhone = UIInterfaceOrientationPortrait;
				IPHONEOS_DEPLOYMENT_TARGET = 15.0;
				LD_RUNPATH_SEARCH_PATHS = (
					"$(inherited)",
					"@executable_path/Frameworks",
				);
				MARKETING_VERSION = 1.0;
				PRODUCT_BUNDLE_IDENTIFIER = "com.magnusburton.UV-Index";
				PRODUCT_NAME = "$(TARGET_NAME)";
				SWIFT_EMIT_LOC_STRINGS = YES;
				SWIFT_VERSION = 5.0;
				TARGETED_DEVICE_FAMILY = 1;
			};
			name = Debug;
		};
		DADA62012673F43B00E3CB14 /* Release */ = {
			isa = XCBuildConfiguration;
			buildSettings = {
				ALWAYS_EMBED_SWIFT_STANDARD_LIBRARIES = YES;
				ASSETCATALOG_COMPILER_APPICON_NAME = AppIcon;
				ASSETCATALOG_COMPILER_GLOBAL_ACCENT_COLOR_NAME = AccentColor;
				CODE_SIGN_STYLE = Automatic;
				CURRENT_PROJECT_VERSION = 4;
				DEVELOPMENT_ASSET_PATHS = "\"UV Index/Preview Content\"";
				DEVELOPMENT_TEAM = 8APFUFV53Q;
				ENABLE_PREVIEWS = YES;
				GENERATE_INFOPLIST_FILE = YES;
				INFOPLIST_FILE = "UV-Index-Info.plist";
				INFOPLIST_KEY_CFBundleExecutable = "UV Index";
				INFOPLIST_KEY_CFBundleName = "UV Index";
				INFOPLIST_KEY_CFBundleVersion = 1;
				INFOPLIST_KEY_NSLocationWhenInUseUsageDescription = "Location is needed to fetch the current UV index at your location.";
				INFOPLIST_KEY_UIApplicationSceneManifest_Generation = YES;
				INFOPLIST_KEY_UIApplicationSupportsIndirectInputEvents = YES;
				INFOPLIST_KEY_UILaunchScreen_Generation = YES;
				INFOPLIST_KEY_UIRequiredDeviceCapabilities = "location-services gps";
				INFOPLIST_KEY_UISupportedInterfaceOrientations = UIInterfaceOrientationPortrait;
				INFOPLIST_KEY_UISupportedInterfaceOrientations_iPad = UIInterfaceOrientationPortrait;
				INFOPLIST_KEY_UISupportedInterfaceOrientations_iPhone = UIInterfaceOrientationPortrait;
				IPHONEOS_DEPLOYMENT_TARGET = 15.0;
				LD_RUNPATH_SEARCH_PATHS = (
					"$(inherited)",
					"@executable_path/Frameworks",
				);
				MARKETING_VERSION = 1.0;
				PRODUCT_BUNDLE_IDENTIFIER = "com.magnusburton.UV-Index";
				PRODUCT_NAME = "$(TARGET_NAME)";
				SWIFT_EMIT_LOC_STRINGS = YES;
				SWIFT_VERSION = 5.0;
				TARGETED_DEVICE_FAMILY = 1;
			};
			name = Release;
		};
/* End XCBuildConfiguration section */

/* Begin XCConfigurationList section */
		DAA1CEC3271414120010F304 /* Build configuration list for PBXNativeTarget "WidgetExtension" */ = {
			isa = XCConfigurationList;
			buildConfigurations = (
				DAA1CEC1271414120010F304 /* Debug */,
				DAA1CEC2271414120010F304 /* Release */,
			);
			defaultConfigurationIsVisible = 0;
			defaultConfigurationName = Release;
		};
		DADA61E72673F43700E3CB14 /* Build configuration list for PBXProject "UV Index" */ = {
			isa = XCConfigurationList;
			buildConfigurations = (
				DADA61FD2673F43B00E3CB14 /* Debug */,
				DADA61FE2673F43B00E3CB14 /* Release */,
			);
			defaultConfigurationIsVisible = 0;
			defaultConfigurationName = Release;
		};
		DADA61FF2673F43B00E3CB14 /* Build configuration list for PBXNativeTarget "UV Index" */ = {
			isa = XCConfigurationList;
			buildConfigurations = (
				DADA62002673F43B00E3CB14 /* Debug */,
				DADA62012673F43B00E3CB14 /* Release */,
			);
			defaultConfigurationIsVisible = 0;
			defaultConfigurationName = Release;
		};
/* End XCConfigurationList section */

/* Begin XCRemoteSwiftPackageReference section */
		DACD6C8B27E2347200FC99ED /* XCRemoteSwiftPackageReference "swift-algorithms" */ = {
			isa = XCRemoteSwiftPackageReference;
			repositoryURL = "https://github.com/apple/swift-algorithms.git";
			requirement = {
				kind = upToNextMajorVersion;
				minimumVersion = 1.0.0;
			};
		};
/* End XCRemoteSwiftPackageReference section */

/* Begin XCSwiftPackageProductDependency section */
		DACD6C8C27E2347200FC99ED /* Algorithms */ = {
			isa = XCSwiftPackageProductDependency;
			package = DACD6C8B27E2347200FC99ED /* XCRemoteSwiftPackageReference "swift-algorithms" */;
			productName = Algorithms;
		};
		DACD6C8E27E234BC00FC99ED /* Algorithms */ = {
			isa = XCSwiftPackageProductDependency;
			package = DACD6C8B27E2347200FC99ED /* XCRemoteSwiftPackageReference "swift-algorithms" */;
			productName = Algorithms;
		};
/* End XCSwiftPackageProductDependency section */
	};
	rootObject = DADA61E42673F43700E3CB14 /* Project object */;
}
